
Microsoft Visual Studio Solution File, Format Version 12.00
# Visual Studio Version 17
VisualStudioVersion = 17.11.34929.205
MinimumVisualStudioVersion = 10.0.40219.1
Project("{9A19103F-16F7-4668-BE54-9A1E7A4F7556}") = "Services.Kirjasto.Unit.Twitch.Grains", "..\Kontraktit\Services.Kirjasto.Unit.Twitch.Grains\Services.Kirjasto.Unit.Twitch.Grains.csproj", "{2CEDDB0A-C372-426A-A337-A14B2990B3E0}"
EndProject
Project("{2150E333-8FDC-42A3-9474-1A3956D46DE8}") = "APIs", "APIs", "{1E682361-36CD-4918-A679-4282F08E6505}"
EndProject
Project("{2150E333-8FDC-42A3-9474-1A3956D46DE8}") = "Kontracts", "Kontracts", "{FB049637-969A-440C-9D66-963573BB8B5C}"
EndProject
Project("{2150E333-8FDC-42A3-9474-1A3956D46DE8}") = "Testit", "Testit", "{C8A3E1B0-BF76-4304-AC02-366F343FB12F}"
EndProject
Project("{2150E333-8FDC-42A3-9474-1A3956D46DE8}") = "Workers", "Workers", "{5A53BE93-FCFA-4727-BE2F-135E9A9AAC51}"
EndProject
Project("{2150E333-8FDC-42A3-9474-1A3956D46DE8}") = "Services", "Services", "{E9F05D8E-F11D-4A9A-8FF8-3D5933A44FD4}"
EndProject
Project("{9A19103F-16F7-4668-BE54-9A1E7A4F7556}") = "Services.Kirjasto.Unit.Twitch.Interfaces", "..\Kontraktit\Services.Kirjasto.Unit.Twitch.Interfaces\Services.Kirjasto.Unit.Twitch.Interfaces.csproj", "{03C13BFB-4781-45DE-B162-EC9AB291B4A5}"
EndProject
Project("{9A19103F-16F7-4668-BE54-9A1E7A4F7556}") = "Services.Kohdistuma.Unit.Twitch.OData", "..\APIs\Services.Kohdistuma.Unit.Twitch.OData\Services.Kohdistuma.Unit.Twitch.OData.csproj", "{A1E3A60A-33D9-420F-AA48-9989C864CB53}"
EndProject
Project("{9A19103F-16F7-4668-BE54-9A1E7A4F7556}") = "Twitch.API", "..\APIs\Twitch Api\Twitch.API.csproj", "{ED224F5A-F1DE-468E-9993-3F01E1EB9A91}"
EndProject
Project("{9A19103F-16F7-4668-BE54-9A1E7A4F7556}") = "StreamKomponentsUnit.Twitch.Services", "..\Services\StreamKomponentsUnit.Twitch.Services\StreamKomponentsUnit.Twitch.Services.csproj", "{F35D8925-E048-4351-88C5-38EB3ED75E5E}"
EndProject
Project("{9A19103F-16F7-4668-BE54-9A1E7A4F7556}") = "FollowerServiceWorker", "..\Workers\FollowerServiceWorker\FollowerServiceWorker.csproj", "{707E1823-5A88-478B-9F48-26B88AA72F15}"
EndProject
Project("{9A19103F-16F7-4668-BE54-9A1E7A4F7556}") = "JTSKU TwitchR.AppHost", "JTSKU Twitch Orleans.AppHost\JTSKU TwitchR.AppHost.csproj", "{781C0935-0E89-46E2-BA95-9B1E53180C90}"
EndProject
Project("{9A19103F-16F7-4668-BE54-9A1E7A4F7556}") = "JTSKU TwitchR.ServiceDefaults", "JTSKU Twitch Orleans.ServiceDefaults\JTSKU TwitchR.ServiceDefaults.csproj", "{92E33484-C031-4E9E-8F23-E7DF6F73F10A}"
EndProject
Project("{2150E333-8FDC-42A3-9474-1A3956D46DE8}") = "Aspire", "Aspire", "{38CFA9AB-1F9D-4C1B-A20D-A31AA41F8A86}"
EndProject
Project("{2150E333-8FDC-42A3-9474-1A3956D46DE8}") = "Klients", "Klients", "{14C767C7-5A75-4109-AC0D-8D98623DA38F}"
EndProject
Project("{9A19103F-16F7-4668-BE54-9A1E7A4F7556}") = "StreamKlientUnit.Twitch.TwitchR.Web.Client", "..\Klients\StreamKlientUnit.Twitch\StreamKlientUnit.Twitch.TwitchR.Web.Client.csproj", "{F9E79599-865D-4032-A4F5-5D0C7A1A50FC}"
EndProject
Project("{FAE04EC0-301F-11D3-BF4B-00C04F79EFBC}") = "StreamKlientUnit.Twitch.TwitchR.Windows", "..\Klients\StreamKlientUnit.TwitchUWP\StreamKlientUnit.Twitch.TwitchR.Windows.csproj", "{74AE000F-7221-4156-8BAB-406550573FD3}"
EndProject
Project("{9A19103F-16F7-4668-BE54-9A1E7A4F7556}") = "JT7SKU.TwitchBotsR.AppHost", "JT7SKU.TwitchBotsR\JT7SKU.TwitchBotsR.AppHost\JT7SKU.TwitchBotsR.AppHost.csproj", "{5989A3F2-7B36-47F1-A169-3C33ADBF3C95}"
EndProject
Project("{9A19103F-16F7-4668-BE54-9A1E7A4F7556}") = "JT7SKU.TwitchBotsR.ServiceDefaults", "JT7SKU.TwitchBotsR\JT7SKU.TwitchBotsR.ServiceDefaults\JT7SKU.TwitchBotsR.ServiceDefaults.csproj", "{2563255C-DC16-4A6C-A475-291AE8C11FEA}"
EndProject
Project("{2150E333-8FDC-42A3-9474-1A3956D46DE8}") = "Kirjasto", "Kirjasto", "{8D662310-62CB-40FA-92CC-A523812CFB65}"
EndProject
Project("{FAE04EC0-301F-11D3-BF4B-00C04F79EFBC}") = "JT7SKU TwitchBotsR.Hosting", "JT7SKU TwitchBotsR.Hosting\JT7SKU TwitchBotsR.Hosting.csproj", "{78C13131-87E5-41D8-8506-75B9B13EE708}"
EndProject
Global
	GlobalSection(SolutionConfigurationPlatforms) = preSolution
		Debug|Any CPU = Debug|Any CPU
		Debug|ARM = Debug|ARM
		Debug|ARM64 = Debug|ARM64
		Debug|x64 = Debug|x64
		Debug|x86 = Debug|x86
		Release|Any CPU = Release|Any CPU
		Release|ARM = Release|ARM
		Release|ARM64 = Release|ARM64
		Release|x64 = Release|x64
		Release|x86 = Release|x86
	EndGlobalSection
	GlobalSection(ProjectConfigurationPlatforms) = postSolution
		{2CEDDB0A-C372-426A-A337-A14B2990B3E0}.Debug|Any CPU.ActiveCfg = Debug|Any CPU
		{2CEDDB0A-C372-426A-A337-A14B2990B3E0}.Debug|Any CPU.Build.0 = Debug|Any CPU
		{2CEDDB0A-C372-426A-A337-A14B2990B3E0}.Debug|ARM.ActiveCfg = Debug|Any CPU
		{2CEDDB0A-C372-426A-A337-A14B2990B3E0}.Debug|ARM.Build.0 = Debug|Any CPU
		{2CEDDB0A-C372-426A-A337-A14B2990B3E0}.Debug|ARM64.ActiveCfg = Debug|Any CPU
		{2CEDDB0A-C372-426A-A337-A14B2990B3E0}.Debug|ARM64.Build.0 = Debug|Any CPU
		{2CEDDB0A-C372-426A-A337-A14B2990B3E0}.Debug|x64.ActiveCfg = Debug|Any CPU
		{2CEDDB0A-C372-426A-A337-A14B2990B3E0}.Debug|x64.Build.0 = Debug|Any CPU
		{2CEDDB0A-C372-426A-A337-A14B2990B3E0}.Debug|x86.ActiveCfg = Debug|Any CPU
		{2CEDDB0A-C372-426A-A337-A14B2990B3E0}.Debug|x86.Build.0 = Debug|Any CPU
		{2CEDDB0A-C372-426A-A337-A14B2990B3E0}.Release|Any CPU.ActiveCfg = Release|Any CPU
		{2CEDDB0A-C372-426A-A337-A14B2990B3E0}.Release|Any CPU.Build.0 = Release|Any CPU
		{2CEDDB0A-C372-426A-A337-A14B2990B3E0}.Release|ARM.ActiveCfg = Release|Any CPU
		{2CEDDB0A-C372-426A-A337-A14B2990B3E0}.Release|ARM.Build.0 = Release|Any CPU
		{2CEDDB0A-C372-426A-A337-A14B2990B3E0}.Release|ARM64.ActiveCfg = Release|Any CPU
		{2CEDDB0A-C372-426A-A337-A14B2990B3E0}.Release|ARM64.Build.0 = Release|Any CPU
		{2CEDDB0A-C372-426A-A337-A14B2990B3E0}.Release|x64.ActiveCfg = Release|Any CPU
		{2CEDDB0A-C372-426A-A337-A14B2990B3E0}.Release|x64.Build.0 = Release|Any CPU
		{2CEDDB0A-C372-426A-A337-A14B2990B3E0}.Release|x86.ActiveCfg = Release|Any CPU
		{2CEDDB0A-C372-426A-A337-A14B2990B3E0}.Release|x86.Build.0 = Release|Any CPU
		{03C13BFB-4781-45DE-B162-EC9AB291B4A5}.Debug|Any CPU.ActiveCfg = Debug|Any CPU
		{03C13BFB-4781-45DE-B162-EC9AB291B4A5}.Debug|Any CPU.Build.0 = Debug|Any CPU
		{03C13BFB-4781-45DE-B162-EC9AB291B4A5}.Debug|ARM.ActiveCfg = Debug|Any CPU
		{03C13BFB-4781-45DE-B162-EC9AB291B4A5}.Debug|ARM.Build.0 = Debug|Any CPU
		{03C13BFB-4781-45DE-B162-EC9AB291B4A5}.Debug|ARM64.ActiveCfg = Debug|Any CPU
		{03C13BFB-4781-45DE-B162-EC9AB291B4A5}.Debug|ARM64.Build.0 = Debug|Any CPU
		{03C13BFB-4781-45DE-B162-EC9AB291B4A5}.Debug|x64.ActiveCfg = Debug|Any CPU
		{03C13BFB-4781-45DE-B162-EC9AB291B4A5}.Debug|x64.Build.0 = Debug|Any CPU
		{03C13BFB-4781-45DE-B162-EC9AB291B4A5}.Debug|x86.ActiveCfg = Debug|Any CPU
		{03C13BFB-4781-45DE-B162-EC9AB291B4A5}.Debug|x86.Build.0 = Debug|Any CPU
		{03C13BFB-4781-45DE-B162-EC9AB291B4A5}.Release|Any CPU.ActiveCfg = Release|Any CPU
		{03C13BFB-4781-45DE-B162-EC9AB291B4A5}.Release|Any CPU.Build.0 = Release|Any CPU
		{03C13BFB-4781-45DE-B162-EC9AB291B4A5}.Release|ARM.ActiveCfg = Release|Any CPU
		{03C13BFB-4781-45DE-B162-EC9AB291B4A5}.Release|ARM.Build.0 = Release|Any CPU
		{03C13BFB-4781-45DE-B162-EC9AB291B4A5}.Release|ARM64.ActiveCfg = Release|Any CPU
		{03C13BFB-4781-45DE-B162-EC9AB291B4A5}.Release|ARM64.Build.0 = Release|Any CPU
		{03C13BFB-4781-45DE-B162-EC9AB291B4A5}.Release|x64.ActiveCfg = Release|Any CPU
		{03C13BFB-4781-45DE-B162-EC9AB291B4A5}.Release|x64.Build.0 = Release|Any CPU
		{03C13BFB-4781-45DE-B162-EC9AB291B4A5}.Release|x86.ActiveCfg = Release|Any CPU
		{03C13BFB-4781-45DE-B162-EC9AB291B4A5}.Release|x86.Build.0 = Release|Any CPU
		{A1E3A60A-33D9-420F-AA48-9989C864CB53}.Debug|Any CPU.ActiveCfg = Debug|Any CPU
		{A1E3A60A-33D9-420F-AA48-9989C864CB53}.Debug|Any CPU.Build.0 = Debug|Any CPU
		{A1E3A60A-33D9-420F-AA48-9989C864CB53}.Debug|ARM.ActiveCfg = Debug|Any CPU
		{A1E3A60A-33D9-420F-AA48-9989C864CB53}.Debug|ARM.Build.0 = Debug|Any CPU
		{A1E3A60A-33D9-420F-AA48-9989C864CB53}.Debug|ARM64.ActiveCfg = Debug|Any CPU
		{A1E3A60A-33D9-420F-AA48-9989C864CB53}.Debug|ARM64.Build.0 = Debug|Any CPU
		{A1E3A60A-33D9-420F-AA48-9989C864CB53}.Debug|x64.ActiveCfg = Debug|Any CPU
		{A1E3A60A-33D9-420F-AA48-9989C864CB53}.Debug|x64.Build.0 = Debug|Any CPU
		{A1E3A60A-33D9-420F-AA48-9989C864CB53}.Debug|x86.ActiveCfg = Debug|Any CPU
		{A1E3A60A-33D9-420F-AA48-9989C864CB53}.Debug|x86.Build.0 = Debug|Any CPU
		{A1E3A60A-33D9-420F-AA48-9989C864CB53}.Release|Any CPU.ActiveCfg = Release|Any CPU
		{A1E3A60A-33D9-420F-AA48-9989C864CB53}.Release|Any CPU.Build.0 = Release|Any CPU
		{A1E3A60A-33D9-420F-AA48-9989C864CB53}.Release|ARM.ActiveCfg = Release|Any CPU
		{A1E3A60A-33D9-420F-AA48-9989C864CB53}.Release|ARM.Build.0 = Release|Any CPU
		{A1E3A60A-33D9-420F-AA48-9989C864CB53}.Release|ARM64.ActiveCfg = Release|Any CPU
		{A1E3A60A-33D9-420F-AA48-9989C864CB53}.Release|ARM64.Build.0 = Release|Any CPU
		{A1E3A60A-33D9-420F-AA48-9989C864CB53}.Release|x64.ActiveCfg = Release|Any CPU
		{A1E3A60A-33D9-420F-AA48-9989C864CB53}.Release|x64.Build.0 = Release|Any CPU
		{A1E3A60A-33D9-420F-AA48-9989C864CB53}.Release|x86.ActiveCfg = Release|Any CPU
		{A1E3A60A-33D9-420F-AA48-9989C864CB53}.Release|x86.Build.0 = Release|Any CPU
		{ED224F5A-F1DE-468E-9993-3F01E1EB9A91}.Debug|Any CPU.ActiveCfg = Debug|Any CPU
		{ED224F5A-F1DE-468E-9993-3F01E1EB9A91}.Debug|Any CPU.Build.0 = Debug|Any CPU
		{ED224F5A-F1DE-468E-9993-3F01E1EB9A91}.Debug|ARM.ActiveCfg = Debug|Any CPU
		{ED224F5A-F1DE-468E-9993-3F01E1EB9A91}.Debug|ARM.Build.0 = Debug|Any CPU
		{ED224F5A-F1DE-468E-9993-3F01E1EB9A91}.Debug|ARM64.ActiveCfg = Debug|Any CPU
		{ED224F5A-F1DE-468E-9993-3F01E1EB9A91}.Debug|ARM64.Build.0 = Debug|Any CPU
		{ED224F5A-F1DE-468E-9993-3F01E1EB9A91}.Debug|x64.ActiveCfg = Debug|Any CPU
		{ED224F5A-F1DE-468E-9993-3F01E1EB9A91}.Debug|x64.Build.0 = Debug|Any CPU
		{ED224F5A-F1DE-468E-9993-3F01E1EB9A91}.Debug|x86.ActiveCfg = Debug|Any CPU
		{ED224F5A-F1DE-468E-9993-3F01E1EB9A91}.Debug|x86.Build.0 = Debug|Any CPU
		{ED224F5A-F1DE-468E-9993-3F01E1EB9A91}.Release|Any CPU.ActiveCfg = Release|Any CPU
		{ED224F5A-F1DE-468E-9993-3F01E1EB9A91}.Release|Any CPU.Build.0 = Release|Any CPU
		{ED224F5A-F1DE-468E-9993-3F01E1EB9A91}.Release|ARM.ActiveCfg = Release|Any CPU
		{ED224F5A-F1DE-468E-9993-3F01E1EB9A91}.Release|ARM.Build.0 = Release|Any CPU
		{ED224F5A-F1DE-468E-9993-3F01E1EB9A91}.Release|ARM64.ActiveCfg = Release|Any CPU
		{ED224F5A-F1DE-468E-9993-3F01E1EB9A91}.Release|ARM64.Build.0 = Release|Any CPU
		{ED224F5A-F1DE-468E-9993-3F01E1EB9A91}.Release|x64.ActiveCfg = Release|Any CPU
		{ED224F5A-F1DE-468E-9993-3F01E1EB9A91}.Release|x64.Build.0 = Release|Any CPU
		{ED224F5A-F1DE-468E-9993-3F01E1EB9A91}.Release|x86.ActiveCfg = Release|Any CPU
		{ED224F5A-F1DE-468E-9993-3F01E1EB9A91}.Release|x86.Build.0 = Release|Any CPU
		{F35D8925-E048-4351-88C5-38EB3ED75E5E}.Debug|Any CPU.ActiveCfg = Debug|Any CPU
		{F35D8925-E048-4351-88C5-38EB3ED75E5E}.Debug|Any CPU.Build.0 = Debug|Any CPU
		{F35D8925-E048-4351-88C5-38EB3ED75E5E}.Debug|ARM.ActiveCfg = Debug|Any CPU
		{F35D8925-E048-4351-88C5-38EB3ED75E5E}.Debug|ARM.Build.0 = Debug|Any CPU
		{F35D8925-E048-4351-88C5-38EB3ED75E5E}.Debug|ARM64.ActiveCfg = Debug|Any CPU
		{F35D8925-E048-4351-88C5-38EB3ED75E5E}.Debug|ARM64.Build.0 = Debug|Any CPU
		{F35D8925-E048-4351-88C5-38EB3ED75E5E}.Debug|x64.ActiveCfg = Debug|Any CPU
		{F35D8925-E048-4351-88C5-38EB3ED75E5E}.Debug|x64.Build.0 = Debug|Any CPU
		{F35D8925-E048-4351-88C5-38EB3ED75E5E}.Debug|x86.ActiveCfg = Debug|Any CPU
		{F35D8925-E048-4351-88C5-38EB3ED75E5E}.Debug|x86.Build.0 = Debug|Any CPU
		{F35D8925-E048-4351-88C5-38EB3ED75E5E}.Release|Any CPU.ActiveCfg = Release|Any CPU
		{F35D8925-E048-4351-88C5-38EB3ED75E5E}.Release|Any CPU.Build.0 = Release|Any CPU
		{F35D8925-E048-4351-88C5-38EB3ED75E5E}.Release|ARM.ActiveCfg = Release|Any CPU
		{F35D8925-E048-4351-88C5-38EB3ED75E5E}.Release|ARM.Build.0 = Release|Any CPU
		{F35D8925-E048-4351-88C5-38EB3ED75E5E}.Release|ARM64.ActiveCfg = Release|Any CPU
		{F35D8925-E048-4351-88C5-38EB3ED75E5E}.Release|ARM64.Build.0 = Release|Any CPU
		{F35D8925-E048-4351-88C5-38EB3ED75E5E}.Release|x64.ActiveCfg = Release|Any CPU
		{F35D8925-E048-4351-88C5-38EB3ED75E5E}.Release|x64.Build.0 = Release|Any CPU
		{F35D8925-E048-4351-88C5-38EB3ED75E5E}.Release|x86.ActiveCfg = Release|Any CPU
		{F35D8925-E048-4351-88C5-38EB3ED75E5E}.Release|x86.Build.0 = Release|Any CPU
		{707E1823-5A88-478B-9F48-26B88AA72F15}.Debug|Any CPU.ActiveCfg = Debug|Any CPU
		{707E1823-5A88-478B-9F48-26B88AA72F15}.Debug|Any CPU.Build.0 = Debug|Any CPU
		{707E1823-5A88-478B-9F48-26B88AA72F15}.Debug|ARM.ActiveCfg = Debug|Any CPU
		{707E1823-5A88-478B-9F48-26B88AA72F15}.Debug|ARM.Build.0 = Debug|Any CPU
		{707E1823-5A88-478B-9F48-26B88AA72F15}.Debug|ARM64.ActiveCfg = Debug|Any CPU
		{707E1823-5A88-478B-9F48-26B88AA72F15}.Debug|ARM64.Build.0 = Debug|Any CPU
		{707E1823-5A88-478B-9F48-26B88AA72F15}.Debug|x64.ActiveCfg = Debug|Any CPU
		{707E1823-5A88-478B-9F48-26B88AA72F15}.Debug|x64.Build.0 = Debug|Any CPU
		{707E1823-5A88-478B-9F48-26B88AA72F15}.Debug|x86.ActiveCfg = Debug|Any CPU
		{707E1823-5A88-478B-9F48-26B88AA72F15}.Debug|x86.Build.0 = Debug|Any CPU
		{707E1823-5A88-478B-9F48-26B88AA72F15}.Release|Any CPU.ActiveCfg = Release|Any CPU
		{707E1823-5A88-478B-9F48-26B88AA72F15}.Release|Any CPU.Build.0 = Release|Any CPU
		{707E1823-5A88-478B-9F48-26B88AA72F15}.Release|ARM.ActiveCfg = Release|Any CPU
		{707E1823-5A88-478B-9F48-26B88AA72F15}.Release|ARM.Build.0 = Release|Any CPU
		{707E1823-5A88-478B-9F48-26B88AA72F15}.Release|ARM64.ActiveCfg = Release|Any CPU
		{707E1823-5A88-478B-9F48-26B88AA72F15}.Release|ARM64.Build.0 = Release|Any CPU
		{707E1823-5A88-478B-9F48-26B88AA72F15}.Release|x64.ActiveCfg = Release|Any CPU
		{707E1823-5A88-478B-9F48-26B88AA72F15}.Release|x64.Build.0 = Release|Any CPU
		{707E1823-5A88-478B-9F48-26B88AA72F15}.Release|x86.ActiveCfg = Release|Any CPU
		{707E1823-5A88-478B-9F48-26B88AA72F15}.Release|x86.Build.0 = Release|Any CPU
		{781C0935-0E89-46E2-BA95-9B1E53180C90}.Debug|Any CPU.ActiveCfg = Debug|Any CPU
		{781C0935-0E89-46E2-BA95-9B1E53180C90}.Debug|Any CPU.Build.0 = Debug|Any CPU
		{781C0935-0E89-46E2-BA95-9B1E53180C90}.Debug|ARM.ActiveCfg = Debug|Any CPU
		{781C0935-0E89-46E2-BA95-9B1E53180C90}.Debug|ARM.Build.0 = Debug|Any CPU
		{781C0935-0E89-46E2-BA95-9B1E53180C90}.Debug|ARM64.ActiveCfg = Debug|Any CPU
		{781C0935-0E89-46E2-BA95-9B1E53180C90}.Debug|ARM64.Build.0 = Debug|Any CPU
		{781C0935-0E89-46E2-BA95-9B1E53180C90}.Debug|x64.ActiveCfg = Debug|Any CPU
		{781C0935-0E89-46E2-BA95-9B1E53180C90}.Debug|x64.Build.0 = Debug|Any CPU
		{781C0935-0E89-46E2-BA95-9B1E53180C90}.Debug|x86.ActiveCfg = Debug|Any CPU
		{781C0935-0E89-46E2-BA95-9B1E53180C90}.Debug|x86.Build.0 = Debug|Any CPU
		{781C0935-0E89-46E2-BA95-9B1E53180C90}.Release|Any CPU.ActiveCfg = Release|Any CPU
		{781C0935-0E89-46E2-BA95-9B1E53180C90}.Release|Any CPU.Build.0 = Release|Any CPU
		{781C0935-0E89-46E2-BA95-9B1E53180C90}.Release|ARM.ActiveCfg = Release|Any CPU
		{781C0935-0E89-46E2-BA95-9B1E53180C90}.Release|ARM.Build.0 = Release|Any CPU
		{781C0935-0E89-46E2-BA95-9B1E53180C90}.Release|ARM64.ActiveCfg = Release|Any CPU
		{781C0935-0E89-46E2-BA95-9B1E53180C90}.Release|ARM64.Build.0 = Release|Any CPU
		{781C0935-0E89-46E2-BA95-9B1E53180C90}.Release|x64.ActiveCfg = Release|Any CPU
		{781C0935-0E89-46E2-BA95-9B1E53180C90}.Release|x64.Build.0 = Release|Any CPU
		{781C0935-0E89-46E2-BA95-9B1E53180C90}.Release|x86.ActiveCfg = Release|Any CPU
		{781C0935-0E89-46E2-BA95-9B1E53180C90}.Release|x86.Build.0 = Release|Any CPU
		{92E33484-C031-4E9E-8F23-E7DF6F73F10A}.Debug|Any CPU.ActiveCfg = Debug|Any CPU
		{92E33484-C031-4E9E-8F23-E7DF6F73F10A}.Debug|Any CPU.Build.0 = Debug|Any CPU
		{92E33484-C031-4E9E-8F23-E7DF6F73F10A}.Debug|ARM.ActiveCfg = Debug|Any CPU
		{92E33484-C031-4E9E-8F23-E7DF6F73F10A}.Debug|ARM.Build.0 = Debug|Any CPU
		{92E33484-C031-4E9E-8F23-E7DF6F73F10A}.Debug|ARM64.ActiveCfg = Debug|Any CPU
		{92E33484-C031-4E9E-8F23-E7DF6F73F10A}.Debug|ARM64.Build.0 = Debug|Any CPU
		{92E33484-C031-4E9E-8F23-E7DF6F73F10A}.Debug|x64.ActiveCfg = Debug|Any CPU
		{92E33484-C031-4E9E-8F23-E7DF6F73F10A}.Debug|x64.Build.0 = Debug|Any CPU
		{92E33484-C031-4E9E-8F23-E7DF6F73F10A}.Debug|x86.ActiveCfg = Debug|Any CPU
		{92E33484-C031-4E9E-8F23-E7DF6F73F10A}.Debug|x86.Build.0 = Debug|Any CPU
		{92E33484-C031-4E9E-8F23-E7DF6F73F10A}.Release|Any CPU.ActiveCfg = Release|Any CPU
		{92E33484-C031-4E9E-8F23-E7DF6F73F10A}.Release|Any CPU.Build.0 = Release|Any CPU
		{92E33484-C031-4E9E-8F23-E7DF6F73F10A}.Release|ARM.ActiveCfg = Release|Any CPU
		{92E33484-C031-4E9E-8F23-E7DF6F73F10A}.Release|ARM.Build.0 = Release|Any CPU
		{92E33484-C031-4E9E-8F23-E7DF6F73F10A}.Release|ARM64.ActiveCfg = Release|Any CPU
		{92E33484-C031-4E9E-8F23-E7DF6F73F10A}.Release|ARM64.Build.0 = Release|Any CPU
		{92E33484-C031-4E9E-8F23-E7DF6F73F10A}.Release|x64.ActiveCfg = Release|Any CPU
		{92E33484-C031-4E9E-8F23-E7DF6F73F10A}.Release|x64.Build.0 = Release|Any CPU
		{92E33484-C031-4E9E-8F23-E7DF6F73F10A}.Release|x86.ActiveCfg = Release|Any CPU
		{92E33484-C031-4E9E-8F23-E7DF6F73F10A}.Release|x86.Build.0 = Release|Any CPU
		{F9E79599-865D-4032-A4F5-5D0C7A1A50FC}.Debug|Any CPU.ActiveCfg = Debug|Any CPU
		{F9E79599-865D-4032-A4F5-5D0C7A1A50FC}.Debug|Any CPU.Build.0 = Debug|Any CPU
		{F9E79599-865D-4032-A4F5-5D0C7A1A50FC}.Debug|ARM.ActiveCfg = Debug|Any CPU
		{F9E79599-865D-4032-A4F5-5D0C7A1A50FC}.Debug|ARM.Build.0 = Debug|Any CPU
		{F9E79599-865D-4032-A4F5-5D0C7A1A50FC}.Debug|ARM64.ActiveCfg = Debug|Any CPU
		{F9E79599-865D-4032-A4F5-5D0C7A1A50FC}.Debug|ARM64.Build.0 = Debug|Any CPU
		{F9E79599-865D-4032-A4F5-5D0C7A1A50FC}.Debug|x64.ActiveCfg = Debug|Any CPU
		{F9E79599-865D-4032-A4F5-5D0C7A1A50FC}.Debug|x64.Build.0 = Debug|Any CPU
		{F9E79599-865D-4032-A4F5-5D0C7A1A50FC}.Debug|x86.ActiveCfg = Debug|Any CPU
		{F9E79599-865D-4032-A4F5-5D0C7A1A50FC}.Debug|x86.Build.0 = Debug|Any CPU
		{F9E79599-865D-4032-A4F5-5D0C7A1A50FC}.Release|Any CPU.ActiveCfg = Release|Any CPU
		{F9E79599-865D-4032-A4F5-5D0C7A1A50FC}.Release|Any CPU.Build.0 = Release|Any CPU
		{F9E79599-865D-4032-A4F5-5D0C7A1A50FC}.Release|ARM.ActiveCfg = Release|Any CPU
		{F9E79599-865D-4032-A4F5-5D0C7A1A50FC}.Release|ARM.Build.0 = Release|Any CPU
		{F9E79599-865D-4032-A4F5-5D0C7A1A50FC}.Release|ARM64.ActiveCfg = Release|Any CPU
		{F9E79599-865D-4032-A4F5-5D0C7A1A50FC}.Release|ARM64.Build.0 = Release|Any CPU
		{F9E79599-865D-4032-A4F5-5D0C7A1A50FC}.Release|x64.ActiveCfg = Release|Any CPU
		{F9E79599-865D-4032-A4F5-5D0C7A1A50FC}.Release|x64.Build.0 = Release|Any CPU
		{F9E79599-865D-4032-A4F5-5D0C7A1A50FC}.Release|x86.ActiveCfg = Release|Any CPU
		{F9E79599-865D-4032-A4F5-5D0C7A1A50FC}.Release|x86.Build.0 = Release|Any CPU
		{74AE000F-7221-4156-8BAB-406550573FD3}.Debug|Any CPU.ActiveCfg = Debug|x64
		{74AE000F-7221-4156-8BAB-406550573FD3}.Debug|Any CPU.Build.0 = Debug|x64
		{74AE000F-7221-4156-8BAB-406550573FD3}.Debug|Any CPU.Deploy.0 = Debug|x64
		{74AE000F-7221-4156-8BAB-406550573FD3}.Debug|ARM.ActiveCfg = Debug|ARM
		{74AE000F-7221-4156-8BAB-406550573FD3}.Debug|ARM.Build.0 = Debug|ARM
		{74AE000F-7221-4156-8BAB-406550573FD3}.Debug|ARM.Deploy.0 = Debug|ARM
		{74AE000F-7221-4156-8BAB-406550573FD3}.Debug|ARM64.ActiveCfg = Debug|ARM64
		{74AE000F-7221-4156-8BAB-406550573FD3}.Debug|ARM64.Build.0 = Debug|ARM64
		{74AE000F-7221-4156-8BAB-406550573FD3}.Debug|ARM64.Deploy.0 = Debug|ARM64
		{74AE000F-7221-4156-8BAB-406550573FD3}.Debug|x64.ActiveCfg = Debug|x64
		{74AE000F-7221-4156-8BAB-406550573FD3}.Debug|x64.Build.0 = Debug|x64
		{74AE000F-7221-4156-8BAB-406550573FD3}.Debug|x64.Deploy.0 = Debug|x64
		{74AE000F-7221-4156-8BAB-406550573FD3}.Debug|x86.ActiveCfg = Debug|x86
		{74AE000F-7221-4156-8BAB-406550573FD3}.Debug|x86.Build.0 = Debug|x86
		{74AE000F-7221-4156-8BAB-406550573FD3}.Debug|x86.Deploy.0 = Debug|x86
		{74AE000F-7221-4156-8BAB-406550573FD3}.Release|Any CPU.ActiveCfg = Release|x64
		{74AE000F-7221-4156-8BAB-406550573FD3}.Release|Any CPU.Build.0 = Release|x64
		{74AE000F-7221-4156-8BAB-406550573FD3}.Release|Any CPU.Deploy.0 = Release|x64
		{74AE000F-7221-4156-8BAB-406550573FD3}.Release|ARM.ActiveCfg = Release|ARM
		{74AE000F-7221-4156-8BAB-406550573FD3}.Release|ARM.Build.0 = Release|ARM
		{74AE000F-7221-4156-8BAB-406550573FD3}.Release|ARM.Deploy.0 = Release|ARM
		{74AE000F-7221-4156-8BAB-406550573FD3}.Release|ARM64.ActiveCfg = Release|ARM64
		{74AE000F-7221-4156-8BAB-406550573FD3}.Release|ARM64.Build.0 = Release|ARM64
		{74AE000F-7221-4156-8BAB-406550573FD3}.Release|ARM64.Deploy.0 = Release|ARM64
		{74AE000F-7221-4156-8BAB-406550573FD3}.Release|x64.ActiveCfg = Release|x64
		{74AE000F-7221-4156-8BAB-406550573FD3}.Release|x64.Build.0 = Release|x64
		{74AE000F-7221-4156-8BAB-406550573FD3}.Release|x64.Deploy.0 = Release|x64
		{74AE000F-7221-4156-8BAB-406550573FD3}.Release|x86.ActiveCfg = Release|x86
		{74AE000F-7221-4156-8BAB-406550573FD3}.Release|x86.Build.0 = Release|x86
		{74AE000F-7221-4156-8BAB-406550573FD3}.Release|x86.Deploy.0 = Release|x86
		{5989A3F2-7B36-47F1-A169-3C33ADBF3C95}.Debug|Any CPU.ActiveCfg = Debug|Any CPU
		{5989A3F2-7B36-47F1-A169-3C33ADBF3C95}.Debug|Any CPU.Build.0 = Debug|Any CPU
		{5989A3F2-7B36-47F1-A169-3C33ADBF3C95}.Debug|ARM.ActiveCfg = Debug|Any CPU
		{5989A3F2-7B36-47F1-A169-3C33ADBF3C95}.Debug|ARM.Build.0 = Debug|Any CPU
		{5989A3F2-7B36-47F1-A169-3C33ADBF3C95}.Debug|ARM64.ActiveCfg = Debug|Any CPU
		{5989A3F2-7B36-47F1-A169-3C33ADBF3C95}.Debug|ARM64.Build.0 = Debug|Any CPU
		{5989A3F2-7B36-47F1-A169-3C33ADBF3C95}.Debug|x64.ActiveCfg = Debug|Any CPU
		{5989A3F2-7B36-47F1-A169-3C33ADBF3C95}.Debug|x64.Build.0 = Debug|Any CPU
		{5989A3F2-7B36-47F1-A169-3C33ADBF3C95}.Debug|x86.ActiveCfg = Debug|Any CPU
		{5989A3F2-7B36-47F1-A169-3C33ADBF3C95}.Debug|x86.Build.0 = Debug|Any CPU
		{5989A3F2-7B36-47F1-A169-3C33ADBF3C95}.Release|Any CPU.ActiveCfg = Release|Any CPU
		{5989A3F2-7B36-47F1-A169-3C33ADBF3C95}.Release|Any CPU.Build.0 = Release|Any CPU
		{5989A3F2-7B36-47F1-A169-3C33ADBF3C95}.Release|ARM.ActiveCfg = Release|Any CPU
		{5989A3F2-7B36-47F1-A169-3C33ADBF3C95}.Release|ARM.Build.0 = Release|Any CPU
		{5989A3F2-7B36-47F1-A169-3C33ADBF3C95}.Release|ARM64.ActiveCfg = Release|Any CPU
		{5989A3F2-7B36-47F1-A169-3C33ADBF3C95}.Release|ARM64.Build.0 = Release|Any CPU
		{5989A3F2-7B36-47F1-A169-3C33ADBF3C95}.Release|x64.ActiveCfg = Release|Any CPU
		{5989A3F2-7B36-47F1-A169-3C33ADBF3C95}.Release|x64.Build.0 = Release|Any CPU
		{5989A3F2-7B36-47F1-A169-3C33ADBF3C95}.Release|x86.ActiveCfg = Release|Any CPU
		{5989A3F2-7B36-47F1-A169-3C33ADBF3C95}.Release|x86.Build.0 = Release|Any CPU
		{2563255C-DC16-4A6C-A475-291AE8C11FEA}.Debug|Any CPU.ActiveCfg = Debug|Any CPU
		{2563255C-DC16-4A6C-A475-291AE8C11FEA}.Debug|Any CPU.Build.0 = Debug|Any CPU
		{2563255C-DC16-4A6C-A475-291AE8C11FEA}.Debug|ARM.ActiveCfg = Debug|Any CPU
		{2563255C-DC16-4A6C-A475-291AE8C11FEA}.Debug|ARM.Build.0 = Debug|Any CPU
		{2563255C-DC16-4A6C-A475-291AE8C11FEA}.Debug|ARM64.ActiveCfg = Debug|Any CPU
		{2563255C-DC16-4A6C-A475-291AE8C11FEA}.Debug|ARM64.Build.0 = Debug|Any CPU
		{2563255C-DC16-4A6C-A475-291AE8C11FEA}.Debug|x64.ActiveCfg = Debug|Any CPU
		{2563255C-DC16-4A6C-A475-291AE8C11FEA}.Debug|x64.Build.0 = Debug|Any CPU
		{2563255C-DC16-4A6C-A475-291AE8C11FEA}.Debug|x86.ActiveCfg = Debug|Any CPU
		{2563255C-DC16-4A6C-A475-291AE8C11FEA}.Debug|x86.Build.0 = Debug|Any CPU
		{2563255C-DC16-4A6C-A475-291AE8C11FEA}.Release|Any CPU.ActiveCfg = Release|Any CPU
		{2563255C-DC16-4A6C-A475-291AE8C11FEA}.Release|Any CPU.Build.0 = Release|Any CPU
		{2563255C-DC16-4A6C-A475-291AE8C11FEA}.Release|ARM.ActiveCfg = Release|Any CPU
		{2563255C-DC16-4A6C-A475-291AE8C11FEA}.Release|ARM.Build.0 = Release|Any CPU
		{2563255C-DC16-4A6C-A475-291AE8C11FEA}.Release|ARM64.ActiveCfg = Release|Any CPU
		{2563255C-DC16-4A6C-A475-291AE8C11FEA}.Release|ARM64.Build.0 = Release|Any CPU
		{2563255C-DC16-4A6C-A475-291AE8C11FEA}.Release|x64.ActiveCfg = Release|Any CPU
		{2563255C-DC16-4A6C-A475-291AE8C11FEA}.Release|x64.Build.0 = Release|Any CPU
		{2563255C-DC16-4A6C-A475-291AE8C11FEA}.Release|x86.ActiveCfg = Release|Any CPU
		{2563255C-DC16-4A6C-A475-291AE8C11FEA}.Release|x86.Build.0 = Release|Any CPU
		{78C13131-87E5-41D8-8506-75B9B13EE708}.Debug|Any CPU.ActiveCfg = Debug|Any CPU
		{78C13131-87E5-41D8-8506-75B9B13EE708}.Debug|Any CPU.Build.0 = Debug|Any CPU
		{78C13131-87E5-41D8-8506-75B9B13EE708}.Debug|ARM.ActiveCfg = Debug|Any CPU
		{78C13131-87E5-41D8-8506-75B9B13EE708}.Debug|ARM.Build.0 = Debug|Any CPU
		{78C13131-87E5-41D8-8506-75B9B13EE708}.Debug|ARM64.ActiveCfg = Debug|Any CPU
		{78C13131-87E5-41D8-8506-75B9B13EE708}.Debug|ARM64.Build.0 = Debug|Any CPU
		{78C13131-87E5-41D8-8506-75B9B13EE708}.Debug|x64.ActiveCfg = Debug|Any CPU
		{78C13131-87E5-41D8-8506-75B9B13EE708}.Debug|x64.Build.0 = Debug|Any CPU
		{78C13131-87E5-41D8-8506-75B9B13EE708}.Debug|x86.ActiveCfg = Debug|Any CPU
		{78C13131-87E5-41D8-8506-75B9B13EE708}.Debug|x86.Build.0 = Debug|Any CPU
		{78C13131-87E5-41D8-8506-75B9B13EE708}.Release|Any CPU.ActiveCfg = Release|Any CPU
		{78C13131-87E5-41D8-8506-75B9B13EE708}.Release|Any CPU.Build.0 = Release|Any CPU
		{78C13131-87E5-41D8-8506-75B9B13EE708}.Release|ARM.ActiveCfg = Release|Any CPU
		{78C13131-87E5-41D8-8506-75B9B13EE708}.Release|ARM.Build.0 = Release|Any CPU
		{78C13131-87E5-41D8-8506-75B9B13EE708}.Release|ARM64.ActiveCfg = Release|Any CPU
		{78C13131-87E5-41D8-8506-75B9B13EE708}.Release|ARM64.Build.0 = Release|Any CPU
		{78C13131-87E5-41D8-8506-75B9B13EE708}.Release|x64.ActiveCfg = Release|Any CPU
		{78C13131-87E5-41D8-8506-75B9B13EE708}.Release|x64.Build.0 = Release|Any CPU
		{78C13131-87E5-41D8-8506-75B9B13EE708}.Release|x86.ActiveCfg = Release|Any CPU
		{78C13131-87E5-41D8-8506-75B9B13EE708}.Release|x86.Build.0 = Release|Any CPU
	EndGlobalSection
	GlobalSection(SolutionProperties) = preSolution
		HideSolutionNode = FALSE
	EndGlobalSection
	GlobalSection(NestedProjects) = preSolution
		{2CEDDB0A-C372-426A-A337-A14B2990B3E0} = {FB049637-969A-440C-9D66-963573BB8B5C}
		{03C13BFB-4781-45DE-B162-EC9AB291B4A5} = {FB049637-969A-440C-9D66-963573BB8B5C}
		{A1E3A60A-33D9-420F-AA48-9989C864CB53} = {1E682361-36CD-4918-A679-4282F08E6505}
		{ED224F5A-F1DE-468E-9993-3F01E1EB9A91} = {1E682361-36CD-4918-A679-4282F08E6505}
		{F35D8925-E048-4351-88C5-38EB3ED75E5E} = {E9F05D8E-F11D-4A9A-8FF8-3D5933A44FD4}
		{707E1823-5A88-478B-9F48-26B88AA72F15} = {5A53BE93-FCFA-4727-BE2F-135E9A9AAC51}
		{781C0935-0E89-46E2-BA95-9B1E53180C90} = {38CFA9AB-1F9D-4C1B-A20D-A31AA41F8A86}
		{92E33484-C031-4E9E-8F23-E7DF6F73F10A} = {38CFA9AB-1F9D-4C1B-A20D-A31AA41F8A86}
		{F9E79599-865D-4032-A4F5-5D0C7A1A50FC} = {14C767C7-5A75-4109-AC0D-8D98623DA38F}
		{74AE000F-7221-4156-8BAB-406550573FD3} = {14C767C7-5A75-4109-AC0D-8D98623DA38F}
		{5989A3F2-7B36-47F1-A169-3C33ADBF3C95} = {38CFA9AB-1F9D-4C1B-A20D-A31AA41F8A86}
		{2563255C-DC16-4A6C-A475-291AE8C11FEA} = {38CFA9AB-1F9D-4C1B-A20D-A31AA41F8A86}
		{78C13131-87E5-41D8-8506-75B9B13EE708} = {8D662310-62CB-40FA-92CC-A523812CFB65}
	EndGlobalSection
	GlobalSection(ExtensibilityGlobals) = postSolution
		SolutionGuid = {BC160660-C592-4F25-89B7-68AE48A11F87}
	EndGlobalSection
EndGlobal
