
Microsoft Visual Studio Solution File, Format Version 12.00
# Visual Studio Version 17
VisualStudioVersion = 17.11.34929.205
MinimumVisualStudioVersion = 10.0.40219.1
Project("{9A19103F-16F7-4668-BE54-9A1E7A4F7556}") = "Services.Kirjasto.Unit.Twitch.Grains", "..\Kontraktit\Services.Kirjasto.Unit.Twitch.Grains\Services.Kirjasto.Unit.Twitch.Grains.csproj", "{2CEDDB0A-C372-426A-A337-A14B2990B3E0}"
EndProject
Project("{2150E333-8FDC-42A3-9474-1A3956D46DE8}") = "APIs", "APIs", "{1E682361-36CD-4918-A679-4282F08E6505}"
EndProject
Project("{2150E333-8FDC-42A3-9474-1A3956D46DE8}") = "Kontracts", "Kontracts", "{FB049637-969A-440C-9D66-963573BB8B5C}"
EndProject
Project("{2150E333-8FDC-42A3-9474-1A3956D46DE8}") = "Testit", "Testit", "{C8A3E1B0-BF76-4304-AC02-366F343FB12F}"
EndProject
Project("{2150E333-8FDC-42A3-9474-1A3956D46DE8}") = "Workers", "Workers", "{5A53BE93-FCFA-4727-BE2F-135E9A9AAC51}"
EndProject
Project("{2150E333-8FDC-42A3-9474-1A3956D46DE8}") = "Services", "Services", "{E9F05D8E-F11D-4A9A-8FF8-3D5933A44FD4}"
EndProject
Project("{9A19103F-16F7-4668-BE54-9A1E7A4F7556}") = "Services.Kirjasto.Unit.Twitch.Interfaces", "..\Kontraktit\Services.Kirjasto.Unit.Twitch.Interfaces\Services.Kirjasto.Unit.Twitch.Interfaces.csproj", "{03C13BFB-4781-45DE-B162-EC9AB291B4A5}"
EndProject
Project("{9A19103F-16F7-4668-BE54-9A1E7A4F7556}") = "Services.Kohdistuma.Unit.Twitch.OData", "..\APIs\Services.Kohdistuma.Unit.Twitch.OData\Services.Kohdistuma.Unit.Twitch.OData.csproj", "{A1E3A60A-33D9-420F-AA48-9989C864CB53}"
EndProject
Project("{9A19103F-16F7-4668-BE54-9A1E7A4F7556}") = "Twitch.API", "..\APIs\Twitch Api\Twitch.API.csproj", "{ED224F5A-F1DE-468E-9993-3F01E1EB9A91}"
EndProject
Project("{9A19103F-16F7-4668-BE54-9A1E7A4F7556}") = "StreamKomponentsUnit.Twitch.Services", "..\Services\StreamKomponentsUnit.Twitch.Services\StreamKomponentsUnit.Twitch.Services.csproj", "{F35D8925-E048-4351-88C5-38EB3ED75E5E}"
EndProject
Project("{9A19103F-16F7-4668-BE54-9A1E7A4F7556}") = "FollowerServiceWorker", "..\Workers\FollowerServiceWorker\FollowerServiceWorker.csproj", "{707E1823-5A88-478B-9F48-26B88AA72F15}"
EndProject
Project("{FAE04EC0-301F-11D3-BF4B-00C04F79EFBC}") = "JTSKU Twitch Orleans.AppHost", "JTSKU Twitch Orleans.AppHost\JTSKU Twitch Orleans.AppHost.csproj", "{781C0935-0E89-46E2-BA95-9B1E53180C90}"
EndProject
Project("{9A19103F-16F7-4668-BE54-9A1E7A4F7556}") = "JTSKU Twitch Orleans.ServiceDefaults", "JTSKU Twitch Orleans.ServiceDefaults\JTSKU Twitch Orleans.ServiceDefaults.csproj", "{92E33484-C031-4E9E-8F23-E7DF6F73F10A}"
EndProject
Project("{2150E333-8FDC-42A3-9474-1A3956D46DE8}") = "Aspire", "Aspire", "{38CFA9AB-1F9D-4C1B-A20D-A31AA41F8A86}"
EndProject
Global
	GlobalSection(SolutionConfigurationPlatforms) = preSolution
		Debug|Any CPU = Debug|Any CPU
		Release|Any CPU = Release|Any CPU
	EndGlobalSection
	GlobalSection(ProjectConfigurationPlatforms) = postSolution
		{2CEDDB0A-C372-426A-A337-A14B2990B3E0}.Debug|Any CPU.ActiveCfg = Debug|Any CPU
		{2CEDDB0A-C372-426A-A337-A14B2990B3E0}.Debug|Any CPU.Build.0 = Debug|Any CPU
		{2CEDDB0A-C372-426A-A337-A14B2990B3E0}.Release|Any CPU.ActiveCfg = Release|Any CPU
		{2CEDDB0A-C372-426A-A337-A14B2990B3E0}.Release|Any CPU.Build.0 = Release|Any CPU
		{03C13BFB-4781-45DE-B162-EC9AB291B4A5}.Debug|Any CPU.ActiveCfg = Debug|Any CPU
		{03C13BFB-4781-45DE-B162-EC9AB291B4A5}.Debug|Any CPU.Build.0 = Debug|Any CPU
		{03C13BFB-4781-45DE-B162-EC9AB291B4A5}.Release|Any CPU.ActiveCfg = Release|Any CPU
		{03C13BFB-4781-45DE-B162-EC9AB291B4A5}.Release|Any CPU.Build.0 = Release|Any CPU
		{A1E3A60A-33D9-420F-AA48-9989C864CB53}.Debug|Any CPU.ActiveCfg = Debug|Any CPU
		{A1E3A60A-33D9-420F-AA48-9989C864CB53}.Debug|Any CPU.Build.0 = Debug|Any CPU
		{A1E3A60A-33D9-420F-AA48-9989C864CB53}.Release|Any CPU.ActiveCfg = Release|Any CPU
		{A1E3A60A-33D9-420F-AA48-9989C864CB53}.Release|Any CPU.Build.0 = Release|Any CPU
		{ED224F5A-F1DE-468E-9993-3F01E1EB9A91}.Debug|Any CPU.ActiveCfg = Debug|Any CPU
		{ED224F5A-F1DE-468E-9993-3F01E1EB9A91}.Debug|Any CPU.Build.0 = Debug|Any CPU
		{ED224F5A-F1DE-468E-9993-3F01E1EB9A91}.Release|Any CPU.ActiveCfg = Release|Any CPU
		{ED224F5A-F1DE-468E-9993-3F01E1EB9A91}.Release|Any CPU.Build.0 = Release|Any CPU
		{F35D8925-E048-4351-88C5-38EB3ED75E5E}.Debug|Any CPU.ActiveCfg = Debug|Any CPU
		{F35D8925-E048-4351-88C5-38EB3ED75E5E}.Debug|Any CPU.Build.0 = Debug|Any CPU
		{F35D8925-E048-4351-88C5-38EB3ED75E5E}.Release|Any CPU.ActiveCfg = Release|Any CPU
		{F35D8925-E048-4351-88C5-38EB3ED75E5E}.Release|Any CPU.Build.0 = Release|Any CPU
		{707E1823-5A88-478B-9F48-26B88AA72F15}.Debug|Any CPU.ActiveCfg = Debug|Any CPU
		{707E1823-5A88-478B-9F48-26B88AA72F15}.Debug|Any CPU.Build.0 = Debug|Any CPU
		{707E1823-5A88-478B-9F48-26B88AA72F15}.Release|Any CPU.ActiveCfg = Release|Any CPU
		{707E1823-5A88-478B-9F48-26B88AA72F15}.Release|Any CPU.Build.0 = Release|Any CPU
		{781C0935-0E89-46E2-BA95-9B1E53180C90}.Debug|Any CPU.ActiveCfg = Debug|Any CPU
		{781C0935-0E89-46E2-BA95-9B1E53180C90}.Debug|Any CPU.Build.0 = Debug|Any CPU
		{781C0935-0E89-46E2-BA95-9B1E53180C90}.Release|Any CPU.ActiveCfg = Release|Any CPU
		{781C0935-0E89-46E2-BA95-9B1E53180C90}.Release|Any CPU.Build.0 = Release|Any CPU
		{92E33484-C031-4E9E-8F23-E7DF6F73F10A}.Debug|Any CPU.ActiveCfg = Debug|Any CPU
		{92E33484-C031-4E9E-8F23-E7DF6F73F10A}.Debug|Any CPU.Build.0 = Debug|Any CPU
		{92E33484-C031-4E9E-8F23-E7DF6F73F10A}.Release|Any CPU.ActiveCfg = Release|Any CPU
		{92E33484-C031-4E9E-8F23-E7DF6F73F10A}.Release|Any CPU.Build.0 = Release|Any CPU
	EndGlobalSection
	GlobalSection(SolutionProperties) = preSolution
		HideSolutionNode = FALSE
	EndGlobalSection
	GlobalSection(NestedProjects) = preSolution
		{2CEDDB0A-C372-426A-A337-A14B2990B3E0} = {FB049637-969A-440C-9D66-963573BB8B5C}
		{03C13BFB-4781-45DE-B162-EC9AB291B4A5} = {FB049637-969A-440C-9D66-963573BB8B5C}
		{A1E3A60A-33D9-420F-AA48-9989C864CB53} = {1E682361-36CD-4918-A679-4282F08E6505}
		{ED224F5A-F1DE-468E-9993-3F01E1EB9A91} = {1E682361-36CD-4918-A679-4282F08E6505}
		{F35D8925-E048-4351-88C5-38EB3ED75E5E} = {E9F05D8E-F11D-4A9A-8FF8-3D5933A44FD4}
		{707E1823-5A88-478B-9F48-26B88AA72F15} = {5A53BE93-FCFA-4727-BE2F-135E9A9AAC51}
		{781C0935-0E89-46E2-BA95-9B1E53180C90} = {38CFA9AB-1F9D-4C1B-A20D-A31AA41F8A86}
		{92E33484-C031-4E9E-8F23-E7DF6F73F10A} = {38CFA9AB-1F9D-4C1B-A20D-A31AA41F8A86}
	EndGlobalSection
	GlobalSection(ExtensibilityGlobals) = postSolution
		SolutionGuid = {BC160660-C592-4F25-89B7-68AE48A11F87}
	EndGlobalSection
EndGlobal
