
Microsoft Visual Studio Solution File, Format Version 12.00
# Visual Studio Version 17
VisualStudioVersion = 17.11.34929.205
MinimumVisualStudioVersion = 10.0.40219.1
Project("{9A19103F-16F7-4668-BE54-9A1E7A4F7556}") = "Services.Kirjasto.Unit.Twitch.Grains", "..\Kontraktit\Services.Kirjasto.Unit.Twitch.Grains\Services.Kirjasto.Unit.Twitch.Grains.csproj", "{2CEDDB0A-C372-426A-A337-A14B2990B3E0}"
EndProject
Project("{2150E333-8FDC-42A3-9474-1A3956D46DE8}") = "APIs", "APIs", "{1E682361-36CD-4918-A679-4282F08E6505}"
EndProject
Project("{2150E333-8FDC-42A3-9474-1A3956D46DE8}") = "Kontracts", "Kontracts", "{FB049637-969A-440C-9D66-963573BB8B5C}"
EndProject
Project("{2150E333-8FDC-42A3-9474-1A3956D46DE8}") = "Testit", "Testit", "{C8A3E1B0-BF76-4304-AC02-366F343FB12F}"
EndProject
Project("{2150E333-8FDC-42A3-9474-1A3956D46DE8}") = "Workers", "Workers", "{5A53BE93-FCFA-4727-BE2F-135E9A9AAC51}"
EndProject
Project("{2150E333-8FDC-42A3-9474-1A3956D46DE8}") = "Services", "Services", "{E9F05D8E-F11D-4A9A-8FF8-3D5933A44FD4}"
EndProject
Project("{9A19103F-16F7-4668-BE54-9A1E7A4F7556}") = "Services.Kirjasto.Unit.Twitch.Interfaces", "..\Kontraktit\Services.Kirjasto.Unit.Twitch.Interfaces\Services.Kirjasto.Unit.Twitch.Interfaces.csproj", "{03C13BFB-4781-45DE-B162-EC9AB291B4A5}"
EndProject
Project("{9A19103F-16F7-4668-BE54-9A1E7A4F7556}") = "Services.Kohdistuma.Unit.Twitch.OData", "..\APIs\Services.Kohdistuma.Unit.Twitch.OData\Services.Kohdistuma.Unit.Twitch.OData.csproj", "{A1E3A60A-33D9-420F-AA48-9989C864CB53}"
EndProject
Project("{9A19103F-16F7-4668-BE54-9A1E7A4F7556}") = "JT7SKU.TwitchR.API", "..\APIs\Twitch Api\JT7SKU.TwitchR.API.csproj", "{ED224F5A-F1DE-468E-9993-3F01E1EB9A91}"
EndProject
Project("{9A19103F-16F7-4668-BE54-9A1E7A4F7556}") = "StreamKomponentsUnit.Twitch.Services", "..\Services\StreamKomponentsUnit.Twitch.Services\StreamKomponentsUnit.Twitch.Services.csproj", "{F35D8925-E048-4351-88C5-38EB3ED75E5E}"
EndProject
Project("{9A19103F-16F7-4668-BE54-9A1E7A4F7556}") = "FollowServiceWorker", "..\Workers\FollowerServiceWorker\FollowServiceWorker.csproj", "{707E1823-5A88-478B-9F48-26B88AA72F15}"
EndProject
Project("{9A19103F-16F7-4668-BE54-9A1E7A4F7556}") = "JTSKU TwitchR.AppHost", "JTSKU Twitch Orleans.AppHost\JTSKU TwitchR.AppHost.csproj", "{781C0935-0E89-46E2-BA95-9B1E53180C90}"
EndProject
Project("{9A19103F-16F7-4668-BE54-9A1E7A4F7556}") = "JTSKU TwitchR.ServiceDefaults", "JTSKU Twitch Orleans.ServiceDefaults\JTSKU TwitchR.ServiceDefaults.csproj", "{92E33484-C031-4E9E-8F23-E7DF6F73F10A}"
EndProject
Project("{2150E333-8FDC-42A3-9474-1A3956D46DE8}") = "Aspire", "Aspire", "{38CFA9AB-1F9D-4C1B-A20D-A31AA41F8A86}"
EndProject
Project("{2150E333-8FDC-42A3-9474-1A3956D46DE8}") = "Klients", "Klients", "{14C767C7-5A75-4109-AC0D-8D98623DA38F}"
EndProject
Project("{9A19103F-16F7-4668-BE54-9A1E7A4F7556}") = "StreamKlientUnit.Twitch.TwitchR.Web", "..\Klients\StreamKlientUnit.Twitch\StreamKlientUnit.Twitch.TwitchR.Web.csproj", "{F9E79599-865D-4032-A4F5-5D0C7A1A50FC}"
EndProject
Project("{FAE04EC0-301F-11D3-BF4B-00C04F79EFBC}") = "StreamKlientUnit.Twitch.TwitchR.Windows", "..\Klients\StreamKlientUnit.TwitchUWP\StreamKlientUnit.Twitch.TwitchR.Windows.csproj", "{74AE000F-7221-4156-8BAB-406550573FD3}"
EndProject
Project("{9A19103F-16F7-4668-BE54-9A1E7A4F7556}") = "JT7SKU.TwitchBotsR.AppHost", "JT7SKU.TwitchBotsR\JT7SKU.TwitchBotsR.AppHost\JT7SKU.TwitchBotsR.AppHost.csproj", "{5989A3F2-7B36-47F1-A169-3C33ADBF3C95}"
EndProject
Project("{9A19103F-16F7-4668-BE54-9A1E7A4F7556}") = "JT7SKU.TwitchBotsR.ServiceDefaults", "JT7SKU.TwitchBotsR\JT7SKU.TwitchBotsR.ServiceDefaults\JT7SKU.TwitchBotsR.ServiceDefaults.csproj", "{2563255C-DC16-4A6C-A475-291AE8C11FEA}"
EndProject
Project("{2150E333-8FDC-42A3-9474-1A3956D46DE8}") = "Kirjasto", "Kirjasto", "{8D662310-62CB-40FA-92CC-A523812CFB65}"
EndProject
Project("{9A19103F-16F7-4668-BE54-9A1E7A4F7556}") = "JT7SKU TwitchBotsR.Hosting", "JT7SKU TwitchBotsR.Hosting\JT7SKU TwitchBotsR.Hosting.csproj", "{78C13131-87E5-41D8-8506-75B9B13EE708}"
EndProject
Project("{9A19103F-16F7-4668-BE54-9A1E7A4F7556}") = "JT7SKU.TwitchChatR.AppHost", "JT7SKU.TwitchChatR\JT7SKU.TwitchChatR.AppHost\JT7SKU.TwitchChatR.AppHost.csproj", "{BBDE377C-F3F4-438B-8001-B963C69A7018}"
EndProject
Project("{9A19103F-16F7-4668-BE54-9A1E7A4F7556}") = "JT7SKU.TwitchChatR.ServiceDefaults", "JT7SKU.TwitchChatR\JT7SKU.TwitchChatR.ServiceDefaults\JT7SKU.TwitchChatR.ServiceDefaults.csproj", "{29E89DCD-6D32-4B2F-B465-D1F5769C1957}"
EndProject
Project("{9A19103F-16F7-4668-BE54-9A1E7A4F7556}") = "JT7SKU.TwitchR.ChatR.Hosting", "JT7SKU.TwitchR.ChatR.Hosting\JT7SKU.TwitchR.ChatR.Hosting.csproj", "{8E79A483-19A4-4987-BA4B-AB29355AF16F}"
EndProject
Project("{2150E333-8FDC-42A3-9474-1A3956D46DE8}") = "Kommon", "Kommon", "{542083CA-38E4-4B83-B824-330F91DF4780}"
EndProject
Project("{2150E333-8FDC-42A3-9474-1A3956D46DE8}") = "TwitchR", "TwitchR", "{FD028210-0C35-4967-9475-9FC1993740D5}"
EndProject
Project("{2150E333-8FDC-42A3-9474-1A3956D46DE8}") = "TwitchR", "TwitchR", "{A4EB3094-120B-4C2F-B3E2-EAB1B026899B}"
EndProject
Project("{2150E333-8FDC-42A3-9474-1A3956D46DE8}") = "BotR", "BotR", "{0F292E2B-FC3A-4AA8-857D-56712453688E}"
EndProject
Project("{2150E333-8FDC-42A3-9474-1A3956D46DE8}") = "ChatR", "ChatR", "{11F0E422-A6F3-48F3-979C-EA0921041542}"
EndProject
Project("{2150E333-8FDC-42A3-9474-1A3956D46DE8}") = "TwitchR", "TwitchR", "{24B0887D-EA9B-4253-A38E-16B7885833C2}"
EndProject
Project("{2150E333-8FDC-42A3-9474-1A3956D46DE8}") = "Kommon", "Kommon", "{D0F666E9-97CD-4D31-A07A-4E22474CC0E1}"
EndProject
Project("{2150E333-8FDC-42A3-9474-1A3956D46DE8}") = "Kommon", "Kommon", "{A2BB032C-33B6-427C-8435-A6C99A3E0666}"
EndProject
Project("{2150E333-8FDC-42A3-9474-1A3956D46DE8}") = "Kommon", "Kommon", "{577E6E90-8097-4B75-B38F-88A3A6B18CBD}"
EndProject
Project("{9A19103F-16F7-4668-BE54-9A1E7A4F7556}") = "SeurantaKontrakti", "SeurantaKontrakti\SeurantaKontrakti.csproj", "{59DF933D-B3AA-4B49-9352-A5A901EFACF2}"
EndProject
Project("{9A19103F-16F7-4668-BE54-9A1E7A4F7556}") = "KanavaKontrakti", "KanavaKontrakti\KanavaKontrakti.csproj", "{785CE757-3E24-43E8-A315-1CE66F2F6954}"
EndProject
Project("{9A19103F-16F7-4668-BE54-9A1E7A4F7556}") = "TippiKontrakti", "TippiKontrakti\TippiKontrakti.csproj", "{9BD11993-2B98-493A-B08A-B6EDC8CA7824}"
EndProject
Project("{9A19103F-16F7-4668-BE54-9A1E7A4F7556}") = "SeurantaService", "SeurantaService\SeurantaService.csproj", "{CD94EDB4-F7F8-48A0-BB1D-CD259842E4DB}"
EndProject
Project("{9A19103F-16F7-4668-BE54-9A1E7A4F7556}") = "KanavaPalvelu", "KanavaPalvelu\KanavaPalvelu.csproj", "{BAFE8981-EDA5-493F-A3FD-F2D864E40494}"
EndProject
Project("{9A19103F-16F7-4668-BE54-9A1E7A4F7556}") = "TippausPalvelu", "TippausPalvelu\TippausPalvelu.csproj", "{48E2A647-EADF-4C27-8E79-B564959482D3}"
EndProject
Project("{9A19103F-16F7-4668-BE54-9A1E7A4F7556}") = "TiliKontrakti", "TiliKontrakti\TiliKontrakti.csproj", "{B2CF9BDD-AABC-4A4F-B7C6-74E606870A78}"
EndProject
Project("{9A19103F-16F7-4668-BE54-9A1E7A4F7556}") = "TiliPalvelu", "TiliPalvelu\TiliPalvelu.csproj", "{D3C6742A-8703-4B6F-B957-5DE6F553AB90}"
EndProject
Project("{9A19103F-16F7-4668-BE54-9A1E7A4F7556}") = "ToasterKontrakti", "ToasterKontrakti\ToasterKontrakti.csproj", "{B81B1503-77F9-4E98-8DC1-A6438836CE22}"
EndProject
Project("{9A19103F-16F7-4668-BE54-9A1E7A4F7556}") = "Shared", "Shared\Shared.csproj", "{1DEEFD5E-67F8-4BD9-B721-43375A9286CA}"
EndProject
Project("{9A19103F-16F7-4668-BE54-9A1E7A4F7556}") = "HurrausKontrakti", "BitsitKontrakti\HurrausKontrakti.csproj", "{9BD6995C-A93D-4124-8F77-047912408C72}"
EndProject
Project("{9A19103F-16F7-4668-BE54-9A1E7A4F7556}") = "HurrausPalvelu", "BitsitPalvelu\HurrausPalvelu.csproj", "{985B3D15-5462-45D2-A8ED-FC275C6E0BE4}"
EndProject
Project("{2150E333-8FDC-42A3-9474-1A3956D46DE8}") = "StreamR", "StreamR", "{9CC962DD-BB2B-42DC-AEAF-DC61E952D0FF}"
EndProject
Project("{FAE04EC0-301F-11D3-BF4B-00C04F79EFBC}") = "JT7SKU.TwitchR.StreamR.AppHost", "JT7SKU.TwitchR.StreamR\JT7SKU.TwitchR.StreamR.AppHost\JT7SKU.TwitchR.StreamR.AppHost.csproj", "{FD9724DF-D815-423D-A3A0-493CDAC804A5}"
EndProject
Project("{9A19103F-16F7-4668-BE54-9A1E7A4F7556}") = "JT7SKU.TwitchR.StreamR.ServiceDefaults", "JT7SKU.TwitchR.StreamR\JT7SKU.TwitchR.StreamR.ServiceDefaults\JT7SKU.TwitchR.StreamR.ServiceDefaults.csproj", "{FBF42246-1EF0-4414-BB60-41A631249511}"
EndProject
Project("{2150E333-8FDC-42A3-9474-1A3956D46DE8}") = "StreamR", "StreamR", "{AB81B84E-0723-4916-B0D1-7B967CD63D17}"
EndProject
Project("{FAE04EC0-301F-11D3-BF4B-00C04F79EFBC}") = "StriimiKontrakti", "StriimiKontrakti\StriimiKontrakti.csproj", "{8FF888F4-5DCC-4927-83D7-0D24188B497F}"
EndProject
Project("{FAE04EC0-301F-11D3-BF4B-00C04F79EFBC}") = "StriimiProviderKontrakti", "StriimiProviderKontrakti\StriimiProviderKontrakti.csproj", "{8EB7A454-E214-4642-A184-7C130A243797}"
EndProject
Project("{2150E333-8FDC-42A3-9474-1A3956D46DE8}") = "HostingResources", "HostingResources", "{5F7EC28A-B928-4F1E-AF12-3C0F28B4F35C}"
EndProject
Global
	GlobalSection(SolutionConfigurationPlatforms) = preSolution
		Debug|Any CPU = Debug|Any CPU
		Debug|ARM = Debug|ARM
		Debug|ARM64 = Debug|ARM64
		Debug|x64 = Debug|x64
		Debug|x86 = Debug|x86
		Release|Any CPU = Release|Any CPU
		Release|ARM = Release|ARM
		Release|ARM64 = Release|ARM64
		Release|x64 = Release|x64
		Release|x86 = Release|x86
	EndGlobalSection
	GlobalSection(ProjectConfigurationPlatforms) = postSolution
		{2CEDDB0A-C372-426A-A337-A14B2990B3E0}.Debug|Any CPU.ActiveCfg = Debug|Any CPU
		{2CEDDB0A-C372-426A-A337-A14B2990B3E0}.Debug|Any CPU.Build.0 = Debug|Any CPU
		{2CEDDB0A-C372-426A-A337-A14B2990B3E0}.Debug|ARM.ActiveCfg = Debug|Any CPU
		{2CEDDB0A-C372-426A-A337-A14B2990B3E0}.Debug|ARM.Build.0 = Debug|Any CPU
		{2CEDDB0A-C372-426A-A337-A14B2990B3E0}.Debug|ARM64.ActiveCfg = Debug|Any CPU
		{2CEDDB0A-C372-426A-A337-A14B2990B3E0}.Debug|ARM64.Build.0 = Debug|Any CPU
		{2CEDDB0A-C372-426A-A337-A14B2990B3E0}.Debug|x64.ActiveCfg = Debug|Any CPU
		{2CEDDB0A-C372-426A-A337-A14B2990B3E0}.Debug|x64.Build.0 = Debug|Any CPU
		{2CEDDB0A-C372-426A-A337-A14B2990B3E0}.Debug|x86.ActiveCfg = Debug|Any CPU
		{2CEDDB0A-C372-426A-A337-A14B2990B3E0}.Debug|x86.Build.0 = Debug|Any CPU
		{2CEDDB0A-C372-426A-A337-A14B2990B3E0}.Release|Any CPU.ActiveCfg = Release|Any CPU
		{2CEDDB0A-C372-426A-A337-A14B2990B3E0}.Release|Any CPU.Build.0 = Release|Any CPU
		{2CEDDB0A-C372-426A-A337-A14B2990B3E0}.Release|ARM.ActiveCfg = Release|Any CPU
		{2CEDDB0A-C372-426A-A337-A14B2990B3E0}.Release|ARM.Build.0 = Release|Any CPU
		{2CEDDB0A-C372-426A-A337-A14B2990B3E0}.Release|ARM64.ActiveCfg = Release|Any CPU
		{2CEDDB0A-C372-426A-A337-A14B2990B3E0}.Release|ARM64.Build.0 = Release|Any CPU
		{2CEDDB0A-C372-426A-A337-A14B2990B3E0}.Release|x64.ActiveCfg = Release|Any CPU
		{2CEDDB0A-C372-426A-A337-A14B2990B3E0}.Release|x64.Build.0 = Release|Any CPU
		{2CEDDB0A-C372-426A-A337-A14B2990B3E0}.Release|x86.ActiveCfg = Release|Any CPU
		{2CEDDB0A-C372-426A-A337-A14B2990B3E0}.Release|x86.Build.0 = Release|Any CPU
		{03C13BFB-4781-45DE-B162-EC9AB291B4A5}.Debug|Any CPU.ActiveCfg = Debug|Any CPU
		{03C13BFB-4781-45DE-B162-EC9AB291B4A5}.Debug|Any CPU.Build.0 = Debug|Any CPU
		{03C13BFB-4781-45DE-B162-EC9AB291B4A5}.Debug|ARM.ActiveCfg = Debug|Any CPU
		{03C13BFB-4781-45DE-B162-EC9AB291B4A5}.Debug|ARM.Build.0 = Debug|Any CPU
		{03C13BFB-4781-45DE-B162-EC9AB291B4A5}.Debug|ARM64.ActiveCfg = Debug|Any CPU
		{03C13BFB-4781-45DE-B162-EC9AB291B4A5}.Debug|ARM64.Build.0 = Debug|Any CPU
		{03C13BFB-4781-45DE-B162-EC9AB291B4A5}.Debug|x64.ActiveCfg = Debug|Any CPU
		{03C13BFB-4781-45DE-B162-EC9AB291B4A5}.Debug|x64.Build.0 = Debug|Any CPU
		{03C13BFB-4781-45DE-B162-EC9AB291B4A5}.Debug|x86.ActiveCfg = Debug|Any CPU
		{03C13BFB-4781-45DE-B162-EC9AB291B4A5}.Debug|x86.Build.0 = Debug|Any CPU
		{03C13BFB-4781-45DE-B162-EC9AB291B4A5}.Release|Any CPU.ActiveCfg = Release|Any CPU
		{03C13BFB-4781-45DE-B162-EC9AB291B4A5}.Release|Any CPU.Build.0 = Release|Any CPU
		{03C13BFB-4781-45DE-B162-EC9AB291B4A5}.Release|ARM.ActiveCfg = Release|Any CPU
		{03C13BFB-4781-45DE-B162-EC9AB291B4A5}.Release|ARM.Build.0 = Release|Any CPU
		{03C13BFB-4781-45DE-B162-EC9AB291B4A5}.Release|ARM64.ActiveCfg = Release|Any CPU
		{03C13BFB-4781-45DE-B162-EC9AB291B4A5}.Release|ARM64.Build.0 = Release|Any CPU
		{03C13BFB-4781-45DE-B162-EC9AB291B4A5}.Release|x64.ActiveCfg = Release|Any CPU
		{03C13BFB-4781-45DE-B162-EC9AB291B4A5}.Release|x64.Build.0 = Release|Any CPU
		{03C13BFB-4781-45DE-B162-EC9AB291B4A5}.Release|x86.ActiveCfg = Release|Any CPU
		{03C13BFB-4781-45DE-B162-EC9AB291B4A5}.Release|x86.Build.0 = Release|Any CPU
		{A1E3A60A-33D9-420F-AA48-9989C864CB53}.Debug|Any CPU.ActiveCfg = Debug|Any CPU
		{A1E3A60A-33D9-420F-AA48-9989C864CB53}.Debug|Any CPU.Build.0 = Debug|Any CPU
		{A1E3A60A-33D9-420F-AA48-9989C864CB53}.Debug|ARM.ActiveCfg = Debug|Any CPU
		{A1E3A60A-33D9-420F-AA48-9989C864CB53}.Debug|ARM.Build.0 = Debug|Any CPU
		{A1E3A60A-33D9-420F-AA48-9989C864CB53}.Debug|ARM64.ActiveCfg = Debug|Any CPU
		{A1E3A60A-33D9-420F-AA48-9989C864CB53}.Debug|ARM64.Build.0 = Debug|Any CPU
		{A1E3A60A-33D9-420F-AA48-9989C864CB53}.Debug|x64.ActiveCfg = Debug|Any CPU
		{A1E3A60A-33D9-420F-AA48-9989C864CB53}.Debug|x64.Build.0 = Debug|Any CPU
		{A1E3A60A-33D9-420F-AA48-9989C864CB53}.Debug|x86.ActiveCfg = Debug|Any CPU
		{A1E3A60A-33D9-420F-AA48-9989C864CB53}.Debug|x86.Build.0 = Debug|Any CPU
		{A1E3A60A-33D9-420F-AA48-9989C864CB53}.Release|Any CPU.ActiveCfg = Release|Any CPU
		{A1E3A60A-33D9-420F-AA48-9989C864CB53}.Release|Any CPU.Build.0 = Release|Any CPU
		{A1E3A60A-33D9-420F-AA48-9989C864CB53}.Release|ARM.ActiveCfg = Release|Any CPU
		{A1E3A60A-33D9-420F-AA48-9989C864CB53}.Release|ARM.Build.0 = Release|Any CPU
		{A1E3A60A-33D9-420F-AA48-9989C864CB53}.Release|ARM64.ActiveCfg = Release|Any CPU
		{A1E3A60A-33D9-420F-AA48-9989C864CB53}.Release|ARM64.Build.0 = Release|Any CPU
		{A1E3A60A-33D9-420F-AA48-9989C864CB53}.Release|x64.ActiveCfg = Release|Any CPU
		{A1E3A60A-33D9-420F-AA48-9989C864CB53}.Release|x64.Build.0 = Release|Any CPU
		{A1E3A60A-33D9-420F-AA48-9989C864CB53}.Release|x86.ActiveCfg = Release|Any CPU
		{A1E3A60A-33D9-420F-AA48-9989C864CB53}.Release|x86.Build.0 = Release|Any CPU
		{ED224F5A-F1DE-468E-9993-3F01E1EB9A91}.Debug|Any CPU.ActiveCfg = Debug|Any CPU
		{ED224F5A-F1DE-468E-9993-3F01E1EB9A91}.Debug|Any CPU.Build.0 = Debug|Any CPU
		{ED224F5A-F1DE-468E-9993-3F01E1EB9A91}.Debug|ARM.ActiveCfg = Debug|Any CPU
		{ED224F5A-F1DE-468E-9993-3F01E1EB9A91}.Debug|ARM.Build.0 = Debug|Any CPU
		{ED224F5A-F1DE-468E-9993-3F01E1EB9A91}.Debug|ARM64.ActiveCfg = Debug|Any CPU
		{ED224F5A-F1DE-468E-9993-3F01E1EB9A91}.Debug|ARM64.Build.0 = Debug|Any CPU
		{ED224F5A-F1DE-468E-9993-3F01E1EB9A91}.Debug|x64.ActiveCfg = Debug|Any CPU
		{ED224F5A-F1DE-468E-9993-3F01E1EB9A91}.Debug|x64.Build.0 = Debug|Any CPU
		{ED224F5A-F1DE-468E-9993-3F01E1EB9A91}.Debug|x86.ActiveCfg = Debug|Any CPU
		{ED224F5A-F1DE-468E-9993-3F01E1EB9A91}.Debug|x86.Build.0 = Debug|Any CPU
		{ED224F5A-F1DE-468E-9993-3F01E1EB9A91}.Release|Any CPU.ActiveCfg = Release|Any CPU
		{ED224F5A-F1DE-468E-9993-3F01E1EB9A91}.Release|Any CPU.Build.0 = Release|Any CPU
		{ED224F5A-F1DE-468E-9993-3F01E1EB9A91}.Release|ARM.ActiveCfg = Release|Any CPU
		{ED224F5A-F1DE-468E-9993-3F01E1EB9A91}.Release|ARM.Build.0 = Release|Any CPU
		{ED224F5A-F1DE-468E-9993-3F01E1EB9A91}.Release|ARM64.ActiveCfg = Release|Any CPU
		{ED224F5A-F1DE-468E-9993-3F01E1EB9A91}.Release|ARM64.Build.0 = Release|Any CPU
		{ED224F5A-F1DE-468E-9993-3F01E1EB9A91}.Release|x64.ActiveCfg = Release|Any CPU
		{ED224F5A-F1DE-468E-9993-3F01E1EB9A91}.Release|x64.Build.0 = Release|Any CPU
		{ED224F5A-F1DE-468E-9993-3F01E1EB9A91}.Release|x86.ActiveCfg = Release|Any CPU
		{ED224F5A-F1DE-468E-9993-3F01E1EB9A91}.Release|x86.Build.0 = Release|Any CPU
		{F35D8925-E048-4351-88C5-38EB3ED75E5E}.Debug|Any CPU.ActiveCfg = Debug|Any CPU
		{F35D8925-E048-4351-88C5-38EB3ED75E5E}.Debug|Any CPU.Build.0 = Debug|Any CPU
		{F35D8925-E048-4351-88C5-38EB3ED75E5E}.Debug|ARM.ActiveCfg = Debug|Any CPU
		{F35D8925-E048-4351-88C5-38EB3ED75E5E}.Debug|ARM.Build.0 = Debug|Any CPU
		{F35D8925-E048-4351-88C5-38EB3ED75E5E}.Debug|ARM64.ActiveCfg = Debug|Any CPU
		{F35D8925-E048-4351-88C5-38EB3ED75E5E}.Debug|ARM64.Build.0 = Debug|Any CPU
		{F35D8925-E048-4351-88C5-38EB3ED75E5E}.Debug|x64.ActiveCfg = Debug|Any CPU
		{F35D8925-E048-4351-88C5-38EB3ED75E5E}.Debug|x64.Build.0 = Debug|Any CPU
		{F35D8925-E048-4351-88C5-38EB3ED75E5E}.Debug|x86.ActiveCfg = Debug|Any CPU
		{F35D8925-E048-4351-88C5-38EB3ED75E5E}.Debug|x86.Build.0 = Debug|Any CPU
		{F35D8925-E048-4351-88C5-38EB3ED75E5E}.Release|Any CPU.ActiveCfg = Release|Any CPU
		{F35D8925-E048-4351-88C5-38EB3ED75E5E}.Release|Any CPU.Build.0 = Release|Any CPU
		{F35D8925-E048-4351-88C5-38EB3ED75E5E}.Release|ARM.ActiveCfg = Release|Any CPU
		{F35D8925-E048-4351-88C5-38EB3ED75E5E}.Release|ARM.Build.0 = Release|Any CPU
		{F35D8925-E048-4351-88C5-38EB3ED75E5E}.Release|ARM64.ActiveCfg = Release|Any CPU
		{F35D8925-E048-4351-88C5-38EB3ED75E5E}.Release|ARM64.Build.0 = Release|Any CPU
		{F35D8925-E048-4351-88C5-38EB3ED75E5E}.Release|x64.ActiveCfg = Release|Any CPU
		{F35D8925-E048-4351-88C5-38EB3ED75E5E}.Release|x64.Build.0 = Release|Any CPU
		{F35D8925-E048-4351-88C5-38EB3ED75E5E}.Release|x86.ActiveCfg = Release|Any CPU
		{F35D8925-E048-4351-88C5-38EB3ED75E5E}.Release|x86.Build.0 = Release|Any CPU
		{707E1823-5A88-478B-9F48-26B88AA72F15}.Debug|Any CPU.ActiveCfg = Debug|Any CPU
		{707E1823-5A88-478B-9F48-26B88AA72F15}.Debug|Any CPU.Build.0 = Debug|Any CPU
		{707E1823-5A88-478B-9F48-26B88AA72F15}.Debug|ARM.ActiveCfg = Debug|Any CPU
		{707E1823-5A88-478B-9F48-26B88AA72F15}.Debug|ARM.Build.0 = Debug|Any CPU
		{707E1823-5A88-478B-9F48-26B88AA72F15}.Debug|ARM64.ActiveCfg = Debug|Any CPU
		{707E1823-5A88-478B-9F48-26B88AA72F15}.Debug|ARM64.Build.0 = Debug|Any CPU
		{707E1823-5A88-478B-9F48-26B88AA72F15}.Debug|x64.ActiveCfg = Debug|Any CPU
		{707E1823-5A88-478B-9F48-26B88AA72F15}.Debug|x64.Build.0 = Debug|Any CPU
		{707E1823-5A88-478B-9F48-26B88AA72F15}.Debug|x86.ActiveCfg = Debug|Any CPU
		{707E1823-5A88-478B-9F48-26B88AA72F15}.Debug|x86.Build.0 = Debug|Any CPU
		{707E1823-5A88-478B-9F48-26B88AA72F15}.Release|Any CPU.ActiveCfg = Release|Any CPU
		{707E1823-5A88-478B-9F48-26B88AA72F15}.Release|Any CPU.Build.0 = Release|Any CPU
		{707E1823-5A88-478B-9F48-26B88AA72F15}.Release|ARM.ActiveCfg = Release|Any CPU
		{707E1823-5A88-478B-9F48-26B88AA72F15}.Release|ARM.Build.0 = Release|Any CPU
		{707E1823-5A88-478B-9F48-26B88AA72F15}.Release|ARM64.ActiveCfg = Release|Any CPU
		{707E1823-5A88-478B-9F48-26B88AA72F15}.Release|ARM64.Build.0 = Release|Any CPU
		{707E1823-5A88-478B-9F48-26B88AA72F15}.Release|x64.ActiveCfg = Release|Any CPU
		{707E1823-5A88-478B-9F48-26B88AA72F15}.Release|x64.Build.0 = Release|Any CPU
		{707E1823-5A88-478B-9F48-26B88AA72F15}.Release|x86.ActiveCfg = Release|Any CPU
		{707E1823-5A88-478B-9F48-26B88AA72F15}.Release|x86.Build.0 = Release|Any CPU
		{781C0935-0E89-46E2-BA95-9B1E53180C90}.Debug|Any CPU.ActiveCfg = Debug|Any CPU
		{781C0935-0E89-46E2-BA95-9B1E53180C90}.Debug|Any CPU.Build.0 = Debug|Any CPU
		{781C0935-0E89-46E2-BA95-9B1E53180C90}.Debug|ARM.ActiveCfg = Debug|Any CPU
		{781C0935-0E89-46E2-BA95-9B1E53180C90}.Debug|ARM.Build.0 = Debug|Any CPU
		{781C0935-0E89-46E2-BA95-9B1E53180C90}.Debug|ARM64.ActiveCfg = Debug|Any CPU
		{781C0935-0E89-46E2-BA95-9B1E53180C90}.Debug|ARM64.Build.0 = Debug|Any CPU
		{781C0935-0E89-46E2-BA95-9B1E53180C90}.Debug|x64.ActiveCfg = Debug|Any CPU
		{781C0935-0E89-46E2-BA95-9B1E53180C90}.Debug|x64.Build.0 = Debug|Any CPU
		{781C0935-0E89-46E2-BA95-9B1E53180C90}.Debug|x86.ActiveCfg = Debug|Any CPU
		{781C0935-0E89-46E2-BA95-9B1E53180C90}.Debug|x86.Build.0 = Debug|Any CPU
		{781C0935-0E89-46E2-BA95-9B1E53180C90}.Release|Any CPU.ActiveCfg = Release|Any CPU
		{781C0935-0E89-46E2-BA95-9B1E53180C90}.Release|Any CPU.Build.0 = Release|Any CPU
		{781C0935-0E89-46E2-BA95-9B1E53180C90}.Release|ARM.ActiveCfg = Release|Any CPU
		{781C0935-0E89-46E2-BA95-9B1E53180C90}.Release|ARM.Build.0 = Release|Any CPU
		{781C0935-0E89-46E2-BA95-9B1E53180C90}.Release|ARM64.ActiveCfg = Release|Any CPU
		{781C0935-0E89-46E2-BA95-9B1E53180C90}.Release|ARM64.Build.0 = Release|Any CPU
		{781C0935-0E89-46E2-BA95-9B1E53180C90}.Release|x64.ActiveCfg = Release|Any CPU
		{781C0935-0E89-46E2-BA95-9B1E53180C90}.Release|x64.Build.0 = Release|Any CPU
		{781C0935-0E89-46E2-BA95-9B1E53180C90}.Release|x86.ActiveCfg = Release|Any CPU
		{781C0935-0E89-46E2-BA95-9B1E53180C90}.Release|x86.Build.0 = Release|Any CPU
		{92E33484-C031-4E9E-8F23-E7DF6F73F10A}.Debug|Any CPU.ActiveCfg = Debug|Any CPU
		{92E33484-C031-4E9E-8F23-E7DF6F73F10A}.Debug|Any CPU.Build.0 = Debug|Any CPU
		{92E33484-C031-4E9E-8F23-E7DF6F73F10A}.Debug|ARM.ActiveCfg = Debug|Any CPU
		{92E33484-C031-4E9E-8F23-E7DF6F73F10A}.Debug|ARM.Build.0 = Debug|Any CPU
		{92E33484-C031-4E9E-8F23-E7DF6F73F10A}.Debug|ARM64.ActiveCfg = Debug|Any CPU
		{92E33484-C031-4E9E-8F23-E7DF6F73F10A}.Debug|ARM64.Build.0 = Debug|Any CPU
		{92E33484-C031-4E9E-8F23-E7DF6F73F10A}.Debug|x64.ActiveCfg = Debug|Any CPU
		{92E33484-C031-4E9E-8F23-E7DF6F73F10A}.Debug|x64.Build.0 = Debug|Any CPU
		{92E33484-C031-4E9E-8F23-E7DF6F73F10A}.Debug|x86.ActiveCfg = Debug|Any CPU
		{92E33484-C031-4E9E-8F23-E7DF6F73F10A}.Debug|x86.Build.0 = Debug|Any CPU
		{92E33484-C031-4E9E-8F23-E7DF6F73F10A}.Release|Any CPU.ActiveCfg = Release|Any CPU
		{92E33484-C031-4E9E-8F23-E7DF6F73F10A}.Release|Any CPU.Build.0 = Release|Any CPU
		{92E33484-C031-4E9E-8F23-E7DF6F73F10A}.Release|ARM.ActiveCfg = Release|Any CPU
		{92E33484-C031-4E9E-8F23-E7DF6F73F10A}.Release|ARM.Build.0 = Release|Any CPU
		{92E33484-C031-4E9E-8F23-E7DF6F73F10A}.Release|ARM64.ActiveCfg = Release|Any CPU
		{92E33484-C031-4E9E-8F23-E7DF6F73F10A}.Release|ARM64.Build.0 = Release|Any CPU
		{92E33484-C031-4E9E-8F23-E7DF6F73F10A}.Release|x64.ActiveCfg = Release|Any CPU
		{92E33484-C031-4E9E-8F23-E7DF6F73F10A}.Release|x64.Build.0 = Release|Any CPU
		{92E33484-C031-4E9E-8F23-E7DF6F73F10A}.Release|x86.ActiveCfg = Release|Any CPU
		{92E33484-C031-4E9E-8F23-E7DF6F73F10A}.Release|x86.Build.0 = Release|Any CPU
		{F9E79599-865D-4032-A4F5-5D0C7A1A50FC}.Debug|Any CPU.ActiveCfg = Debug|Any CPU
		{F9E79599-865D-4032-A4F5-5D0C7A1A50FC}.Debug|Any CPU.Build.0 = Debug|Any CPU
		{F9E79599-865D-4032-A4F5-5D0C7A1A50FC}.Debug|ARM.ActiveCfg = Debug|Any CPU
		{F9E79599-865D-4032-A4F5-5D0C7A1A50FC}.Debug|ARM.Build.0 = Debug|Any CPU
		{F9E79599-865D-4032-A4F5-5D0C7A1A50FC}.Debug|ARM64.ActiveCfg = Debug|Any CPU
		{F9E79599-865D-4032-A4F5-5D0C7A1A50FC}.Debug|ARM64.Build.0 = Debug|Any CPU
		{F9E79599-865D-4032-A4F5-5D0C7A1A50FC}.Debug|x64.ActiveCfg = Debug|Any CPU
		{F9E79599-865D-4032-A4F5-5D0C7A1A50FC}.Debug|x64.Build.0 = Debug|Any CPU
		{F9E79599-865D-4032-A4F5-5D0C7A1A50FC}.Debug|x86.ActiveCfg = Debug|Any CPU
		{F9E79599-865D-4032-A4F5-5D0C7A1A50FC}.Debug|x86.Build.0 = Debug|Any CPU
		{F9E79599-865D-4032-A4F5-5D0C7A1A50FC}.Release|Any CPU.ActiveCfg = Release|Any CPU
		{F9E79599-865D-4032-A4F5-5D0C7A1A50FC}.Release|Any CPU.Build.0 = Release|Any CPU
		{F9E79599-865D-4032-A4F5-5D0C7A1A50FC}.Release|ARM.ActiveCfg = Release|Any CPU
		{F9E79599-865D-4032-A4F5-5D0C7A1A50FC}.Release|ARM.Build.0 = Release|Any CPU
		{F9E79599-865D-4032-A4F5-5D0C7A1A50FC}.Release|ARM64.ActiveCfg = Release|Any CPU
		{F9E79599-865D-4032-A4F5-5D0C7A1A50FC}.Release|ARM64.Build.0 = Release|Any CPU
		{F9E79599-865D-4032-A4F5-5D0C7A1A50FC}.Release|x64.ActiveCfg = Release|Any CPU
		{F9E79599-865D-4032-A4F5-5D0C7A1A50FC}.Release|x64.Build.0 = Release|Any CPU
		{F9E79599-865D-4032-A4F5-5D0C7A1A50FC}.Release|x86.ActiveCfg = Release|Any CPU
		{F9E79599-865D-4032-A4F5-5D0C7A1A50FC}.Release|x86.Build.0 = Release|Any CPU
		{74AE000F-7221-4156-8BAB-406550573FD3}.Debug|Any CPU.ActiveCfg = Debug|x64
		{74AE000F-7221-4156-8BAB-406550573FD3}.Debug|Any CPU.Build.0 = Debug|x64
		{74AE000F-7221-4156-8BAB-406550573FD3}.Debug|Any CPU.Deploy.0 = Debug|x64
		{74AE000F-7221-4156-8BAB-406550573FD3}.Debug|ARM.ActiveCfg = Debug|ARM
		{74AE000F-7221-4156-8BAB-406550573FD3}.Debug|ARM.Build.0 = Debug|ARM
		{74AE000F-7221-4156-8BAB-406550573FD3}.Debug|ARM.Deploy.0 = Debug|ARM
		{74AE000F-7221-4156-8BAB-406550573FD3}.Debug|ARM64.ActiveCfg = Debug|ARM64
		{74AE000F-7221-4156-8BAB-406550573FD3}.Debug|ARM64.Build.0 = Debug|ARM64
		{74AE000F-7221-4156-8BAB-406550573FD3}.Debug|ARM64.Deploy.0 = Debug|ARM64
		{74AE000F-7221-4156-8BAB-406550573FD3}.Debug|x64.ActiveCfg = Debug|x64
		{74AE000F-7221-4156-8BAB-406550573FD3}.Debug|x64.Build.0 = Debug|x64
		{74AE000F-7221-4156-8BAB-406550573FD3}.Debug|x64.Deploy.0 = Debug|x64
		{74AE000F-7221-4156-8BAB-406550573FD3}.Debug|x86.ActiveCfg = Debug|x86
		{74AE000F-7221-4156-8BAB-406550573FD3}.Debug|x86.Build.0 = Debug|x86
		{74AE000F-7221-4156-8BAB-406550573FD3}.Debug|x86.Deploy.0 = Debug|x86
		{74AE000F-7221-4156-8BAB-406550573FD3}.Release|Any CPU.ActiveCfg = Release|x64
		{74AE000F-7221-4156-8BAB-406550573FD3}.Release|Any CPU.Build.0 = Release|x64
		{74AE000F-7221-4156-8BAB-406550573FD3}.Release|Any CPU.Deploy.0 = Release|x64
		{74AE000F-7221-4156-8BAB-406550573FD3}.Release|ARM.ActiveCfg = Release|ARM
		{74AE000F-7221-4156-8BAB-406550573FD3}.Release|ARM.Build.0 = Release|ARM
		{74AE000F-7221-4156-8BAB-406550573FD3}.Release|ARM.Deploy.0 = Release|ARM
		{74AE000F-7221-4156-8BAB-406550573FD3}.Release|ARM64.ActiveCfg = Release|ARM64
		{74AE000F-7221-4156-8BAB-406550573FD3}.Release|ARM64.Build.0 = Release|ARM64
		{74AE000F-7221-4156-8BAB-406550573FD3}.Release|ARM64.Deploy.0 = Release|ARM64
		{74AE000F-7221-4156-8BAB-406550573FD3}.Release|x64.ActiveCfg = Release|x64
		{74AE000F-7221-4156-8BAB-406550573FD3}.Release|x64.Build.0 = Release|x64
		{74AE000F-7221-4156-8BAB-406550573FD3}.Release|x64.Deploy.0 = Release|x64
		{74AE000F-7221-4156-8BAB-406550573FD3}.Release|x86.ActiveCfg = Release|x86
		{74AE000F-7221-4156-8BAB-406550573FD3}.Release|x86.Build.0 = Release|x86
		{74AE000F-7221-4156-8BAB-406550573FD3}.Release|x86.Deploy.0 = Release|x86
		{5989A3F2-7B36-47F1-A169-3C33ADBF3C95}.Debug|Any CPU.ActiveCfg = Debug|Any CPU
		{5989A3F2-7B36-47F1-A169-3C33ADBF3C95}.Debug|Any CPU.Build.0 = Debug|Any CPU
		{5989A3F2-7B36-47F1-A169-3C33ADBF3C95}.Debug|ARM.ActiveCfg = Debug|Any CPU
		{5989A3F2-7B36-47F1-A169-3C33ADBF3C95}.Debug|ARM.Build.0 = Debug|Any CPU
		{5989A3F2-7B36-47F1-A169-3C33ADBF3C95}.Debug|ARM64.ActiveCfg = Debug|Any CPU
		{5989A3F2-7B36-47F1-A169-3C33ADBF3C95}.Debug|ARM64.Build.0 = Debug|Any CPU
		{5989A3F2-7B36-47F1-A169-3C33ADBF3C95}.Debug|x64.ActiveCfg = Debug|Any CPU
		{5989A3F2-7B36-47F1-A169-3C33ADBF3C95}.Debug|x64.Build.0 = Debug|Any CPU
		{5989A3F2-7B36-47F1-A169-3C33ADBF3C95}.Debug|x86.ActiveCfg = Debug|Any CPU
		{5989A3F2-7B36-47F1-A169-3C33ADBF3C95}.Debug|x86.Build.0 = Debug|Any CPU
		{5989A3F2-7B36-47F1-A169-3C33ADBF3C95}.Release|Any CPU.ActiveCfg = Release|Any CPU
		{5989A3F2-7B36-47F1-A169-3C33ADBF3C95}.Release|Any CPU.Build.0 = Release|Any CPU
		{5989A3F2-7B36-47F1-A169-3C33ADBF3C95}.Release|ARM.ActiveCfg = Release|Any CPU
		{5989A3F2-7B36-47F1-A169-3C33ADBF3C95}.Release|ARM.Build.0 = Release|Any CPU
		{5989A3F2-7B36-47F1-A169-3C33ADBF3C95}.Release|ARM64.ActiveCfg = Release|Any CPU
		{5989A3F2-7B36-47F1-A169-3C33ADBF3C95}.Release|ARM64.Build.0 = Release|Any CPU
		{5989A3F2-7B36-47F1-A169-3C33ADBF3C95}.Release|x64.ActiveCfg = Release|Any CPU
		{5989A3F2-7B36-47F1-A169-3C33ADBF3C95}.Release|x64.Build.0 = Release|Any CPU
		{5989A3F2-7B36-47F1-A169-3C33ADBF3C95}.Release|x86.ActiveCfg = Release|Any CPU
		{5989A3F2-7B36-47F1-A169-3C33ADBF3C95}.Release|x86.Build.0 = Release|Any CPU
		{2563255C-DC16-4A6C-A475-291AE8C11FEA}.Debug|Any CPU.ActiveCfg = Debug|Any CPU
		{2563255C-DC16-4A6C-A475-291AE8C11FEA}.Debug|Any CPU.Build.0 = Debug|Any CPU
		{2563255C-DC16-4A6C-A475-291AE8C11FEA}.Debug|ARM.ActiveCfg = Debug|Any CPU
		{2563255C-DC16-4A6C-A475-291AE8C11FEA}.Debug|ARM.Build.0 = Debug|Any CPU
		{2563255C-DC16-4A6C-A475-291AE8C11FEA}.Debug|ARM64.ActiveCfg = Debug|Any CPU
		{2563255C-DC16-4A6C-A475-291AE8C11FEA}.Debug|ARM64.Build.0 = Debug|Any CPU
		{2563255C-DC16-4A6C-A475-291AE8C11FEA}.Debug|x64.ActiveCfg = Debug|Any CPU
		{2563255C-DC16-4A6C-A475-291AE8C11FEA}.Debug|x64.Build.0 = Debug|Any CPU
		{2563255C-DC16-4A6C-A475-291AE8C11FEA}.Debug|x86.ActiveCfg = Debug|Any CPU
		{2563255C-DC16-4A6C-A475-291AE8C11FEA}.Debug|x86.Build.0 = Debug|Any CPU
		{2563255C-DC16-4A6C-A475-291AE8C11FEA}.Release|Any CPU.ActiveCfg = Release|Any CPU
		{2563255C-DC16-4A6C-A475-291AE8C11FEA}.Release|Any CPU.Build.0 = Release|Any CPU
		{2563255C-DC16-4A6C-A475-291AE8C11FEA}.Release|ARM.ActiveCfg = Release|Any CPU
		{2563255C-DC16-4A6C-A475-291AE8C11FEA}.Release|ARM.Build.0 = Release|Any CPU
		{2563255C-DC16-4A6C-A475-291AE8C11FEA}.Release|ARM64.ActiveCfg = Release|Any CPU
		{2563255C-DC16-4A6C-A475-291AE8C11FEA}.Release|ARM64.Build.0 = Release|Any CPU
		{2563255C-DC16-4A6C-A475-291AE8C11FEA}.Release|x64.ActiveCfg = Release|Any CPU
		{2563255C-DC16-4A6C-A475-291AE8C11FEA}.Release|x64.Build.0 = Release|Any CPU
		{2563255C-DC16-4A6C-A475-291AE8C11FEA}.Release|x86.ActiveCfg = Release|Any CPU
		{2563255C-DC16-4A6C-A475-291AE8C11FEA}.Release|x86.Build.0 = Release|Any CPU
		{78C13131-87E5-41D8-8506-75B9B13EE708}.Debug|Any CPU.ActiveCfg = Debug|Any CPU
		{78C13131-87E5-41D8-8506-75B9B13EE708}.Debug|Any CPU.Build.0 = Debug|Any CPU
		{78C13131-87E5-41D8-8506-75B9B13EE708}.Debug|ARM.ActiveCfg = Debug|Any CPU
		{78C13131-87E5-41D8-8506-75B9B13EE708}.Debug|ARM.Build.0 = Debug|Any CPU
		{78C13131-87E5-41D8-8506-75B9B13EE708}.Debug|ARM64.ActiveCfg = Debug|Any CPU
		{78C13131-87E5-41D8-8506-75B9B13EE708}.Debug|ARM64.Build.0 = Debug|Any CPU
		{78C13131-87E5-41D8-8506-75B9B13EE708}.Debug|x64.ActiveCfg = Debug|Any CPU
		{78C13131-87E5-41D8-8506-75B9B13EE708}.Debug|x64.Build.0 = Debug|Any CPU
		{78C13131-87E5-41D8-8506-75B9B13EE708}.Debug|x86.ActiveCfg = Debug|Any CPU
		{78C13131-87E5-41D8-8506-75B9B13EE708}.Debug|x86.Build.0 = Debug|Any CPU
		{78C13131-87E5-41D8-8506-75B9B13EE708}.Release|Any CPU.ActiveCfg = Release|Any CPU
		{78C13131-87E5-41D8-8506-75B9B13EE708}.Release|Any CPU.Build.0 = Release|Any CPU
		{78C13131-87E5-41D8-8506-75B9B13EE708}.Release|ARM.ActiveCfg = Release|Any CPU
		{78C13131-87E5-41D8-8506-75B9B13EE708}.Release|ARM.Build.0 = Release|Any CPU
		{78C13131-87E5-41D8-8506-75B9B13EE708}.Release|ARM64.ActiveCfg = Release|Any CPU
		{78C13131-87E5-41D8-8506-75B9B13EE708}.Release|ARM64.Build.0 = Release|Any CPU
		{78C13131-87E5-41D8-8506-75B9B13EE708}.Release|x64.ActiveCfg = Release|Any CPU
		{78C13131-87E5-41D8-8506-75B9B13EE708}.Release|x64.Build.0 = Release|Any CPU
		{78C13131-87E5-41D8-8506-75B9B13EE708}.Release|x86.ActiveCfg = Release|Any CPU
		{78C13131-87E5-41D8-8506-75B9B13EE708}.Release|x86.Build.0 = Release|Any CPU
		{BBDE377C-F3F4-438B-8001-B963C69A7018}.Debug|Any CPU.ActiveCfg = Debug|Any CPU
		{BBDE377C-F3F4-438B-8001-B963C69A7018}.Debug|Any CPU.Build.0 = Debug|Any CPU
		{BBDE377C-F3F4-438B-8001-B963C69A7018}.Debug|ARM.ActiveCfg = Debug|Any CPU
		{BBDE377C-F3F4-438B-8001-B963C69A7018}.Debug|ARM.Build.0 = Debug|Any CPU
		{BBDE377C-F3F4-438B-8001-B963C69A7018}.Debug|ARM64.ActiveCfg = Debug|Any CPU
		{BBDE377C-F3F4-438B-8001-B963C69A7018}.Debug|ARM64.Build.0 = Debug|Any CPU
		{BBDE377C-F3F4-438B-8001-B963C69A7018}.Debug|x64.ActiveCfg = Debug|Any CPU
		{BBDE377C-F3F4-438B-8001-B963C69A7018}.Debug|x64.Build.0 = Debug|Any CPU
		{BBDE377C-F3F4-438B-8001-B963C69A7018}.Debug|x86.ActiveCfg = Debug|Any CPU
		{BBDE377C-F3F4-438B-8001-B963C69A7018}.Debug|x86.Build.0 = Debug|Any CPU
		{BBDE377C-F3F4-438B-8001-B963C69A7018}.Release|Any CPU.ActiveCfg = Release|Any CPU
		{BBDE377C-F3F4-438B-8001-B963C69A7018}.Release|Any CPU.Build.0 = Release|Any CPU
		{BBDE377C-F3F4-438B-8001-B963C69A7018}.Release|ARM.ActiveCfg = Release|Any CPU
		{BBDE377C-F3F4-438B-8001-B963C69A7018}.Release|ARM.Build.0 = Release|Any CPU
		{BBDE377C-F3F4-438B-8001-B963C69A7018}.Release|ARM64.ActiveCfg = Release|Any CPU
		{BBDE377C-F3F4-438B-8001-B963C69A7018}.Release|ARM64.Build.0 = Release|Any CPU
		{BBDE377C-F3F4-438B-8001-B963C69A7018}.Release|x64.ActiveCfg = Release|Any CPU
		{BBDE377C-F3F4-438B-8001-B963C69A7018}.Release|x64.Build.0 = Release|Any CPU
		{BBDE377C-F3F4-438B-8001-B963C69A7018}.Release|x86.ActiveCfg = Release|Any CPU
		{BBDE377C-F3F4-438B-8001-B963C69A7018}.Release|x86.Build.0 = Release|Any CPU
		{29E89DCD-6D32-4B2F-B465-D1F5769C1957}.Debug|Any CPU.ActiveCfg = Debug|Any CPU
		{29E89DCD-6D32-4B2F-B465-D1F5769C1957}.Debug|Any CPU.Build.0 = Debug|Any CPU
		{29E89DCD-6D32-4B2F-B465-D1F5769C1957}.Debug|ARM.ActiveCfg = Debug|Any CPU
		{29E89DCD-6D32-4B2F-B465-D1F5769C1957}.Debug|ARM.Build.0 = Debug|Any CPU
		{29E89DCD-6D32-4B2F-B465-D1F5769C1957}.Debug|ARM64.ActiveCfg = Debug|Any CPU
		{29E89DCD-6D32-4B2F-B465-D1F5769C1957}.Debug|ARM64.Build.0 = Debug|Any CPU
		{29E89DCD-6D32-4B2F-B465-D1F5769C1957}.Debug|x64.ActiveCfg = Debug|Any CPU
		{29E89DCD-6D32-4B2F-B465-D1F5769C1957}.Debug|x64.Build.0 = Debug|Any CPU
		{29E89DCD-6D32-4B2F-B465-D1F5769C1957}.Debug|x86.ActiveCfg = Debug|Any CPU
		{29E89DCD-6D32-4B2F-B465-D1F5769C1957}.Debug|x86.Build.0 = Debug|Any CPU
		{29E89DCD-6D32-4B2F-B465-D1F5769C1957}.Release|Any CPU.ActiveCfg = Release|Any CPU
		{29E89DCD-6D32-4B2F-B465-D1F5769C1957}.Release|Any CPU.Build.0 = Release|Any CPU
		{29E89DCD-6D32-4B2F-B465-D1F5769C1957}.Release|ARM.ActiveCfg = Release|Any CPU
		{29E89DCD-6D32-4B2F-B465-D1F5769C1957}.Release|ARM.Build.0 = Release|Any CPU
		{29E89DCD-6D32-4B2F-B465-D1F5769C1957}.Release|ARM64.ActiveCfg = Release|Any CPU
		{29E89DCD-6D32-4B2F-B465-D1F5769C1957}.Release|ARM64.Build.0 = Release|Any CPU
		{29E89DCD-6D32-4B2F-B465-D1F5769C1957}.Release|x64.ActiveCfg = Release|Any CPU
		{29E89DCD-6D32-4B2F-B465-D1F5769C1957}.Release|x64.Build.0 = Release|Any CPU
		{29E89DCD-6D32-4B2F-B465-D1F5769C1957}.Release|x86.ActiveCfg = Release|Any CPU
		{29E89DCD-6D32-4B2F-B465-D1F5769C1957}.Release|x86.Build.0 = Release|Any CPU
		{8E79A483-19A4-4987-BA4B-AB29355AF16F}.Debug|Any CPU.ActiveCfg = Debug|Any CPU
		{8E79A483-19A4-4987-BA4B-AB29355AF16F}.Debug|Any CPU.Build.0 = Debug|Any CPU
		{8E79A483-19A4-4987-BA4B-AB29355AF16F}.Debug|ARM.ActiveCfg = Debug|Any CPU
		{8E79A483-19A4-4987-BA4B-AB29355AF16F}.Debug|ARM.Build.0 = Debug|Any CPU
		{8E79A483-19A4-4987-BA4B-AB29355AF16F}.Debug|ARM64.ActiveCfg = Debug|Any CPU
		{8E79A483-19A4-4987-BA4B-AB29355AF16F}.Debug|ARM64.Build.0 = Debug|Any CPU
		{8E79A483-19A4-4987-BA4B-AB29355AF16F}.Debug|x64.ActiveCfg = Debug|Any CPU
		{8E79A483-19A4-4987-BA4B-AB29355AF16F}.Debug|x64.Build.0 = Debug|Any CPU
		{8E79A483-19A4-4987-BA4B-AB29355AF16F}.Debug|x86.ActiveCfg = Debug|Any CPU
		{8E79A483-19A4-4987-BA4B-AB29355AF16F}.Debug|x86.Build.0 = Debug|Any CPU
		{8E79A483-19A4-4987-BA4B-AB29355AF16F}.Release|Any CPU.ActiveCfg = Release|Any CPU
		{8E79A483-19A4-4987-BA4B-AB29355AF16F}.Release|Any CPU.Build.0 = Release|Any CPU
		{8E79A483-19A4-4987-BA4B-AB29355AF16F}.Release|ARM.ActiveCfg = Release|Any CPU
		{8E79A483-19A4-4987-BA4B-AB29355AF16F}.Release|ARM.Build.0 = Release|Any CPU
		{8E79A483-19A4-4987-BA4B-AB29355AF16F}.Release|ARM64.ActiveCfg = Release|Any CPU
		{8E79A483-19A4-4987-BA4B-AB29355AF16F}.Release|ARM64.Build.0 = Release|Any CPU
		{8E79A483-19A4-4987-BA4B-AB29355AF16F}.Release|x64.ActiveCfg = Release|Any CPU
		{8E79A483-19A4-4987-BA4B-AB29355AF16F}.Release|x64.Build.0 = Release|Any CPU
		{8E79A483-19A4-4987-BA4B-AB29355AF16F}.Release|x86.ActiveCfg = Release|Any CPU
		{8E79A483-19A4-4987-BA4B-AB29355AF16F}.Release|x86.Build.0 = Release|Any CPU
		{59DF933D-B3AA-4B49-9352-A5A901EFACF2}.Debug|Any CPU.ActiveCfg = Debug|Any CPU
		{59DF933D-B3AA-4B49-9352-A5A901EFACF2}.Debug|Any CPU.Build.0 = Debug|Any CPU
		{59DF933D-B3AA-4B49-9352-A5A901EFACF2}.Debug|ARM.ActiveCfg = Debug|Any CPU
		{59DF933D-B3AA-4B49-9352-A5A901EFACF2}.Debug|ARM.Build.0 = Debug|Any CPU
		{59DF933D-B3AA-4B49-9352-A5A901EFACF2}.Debug|ARM64.ActiveCfg = Debug|Any CPU
		{59DF933D-B3AA-4B49-9352-A5A901EFACF2}.Debug|ARM64.Build.0 = Debug|Any CPU
		{59DF933D-B3AA-4B49-9352-A5A901EFACF2}.Debug|x64.ActiveCfg = Debug|Any CPU
		{59DF933D-B3AA-4B49-9352-A5A901EFACF2}.Debug|x64.Build.0 = Debug|Any CPU
		{59DF933D-B3AA-4B49-9352-A5A901EFACF2}.Debug|x86.ActiveCfg = Debug|Any CPU
		{59DF933D-B3AA-4B49-9352-A5A901EFACF2}.Debug|x86.Build.0 = Debug|Any CPU
		{59DF933D-B3AA-4B49-9352-A5A901EFACF2}.Release|Any CPU.ActiveCfg = Release|Any CPU
		{59DF933D-B3AA-4B49-9352-A5A901EFACF2}.Release|Any CPU.Build.0 = Release|Any CPU
		{59DF933D-B3AA-4B49-9352-A5A901EFACF2}.Release|ARM.ActiveCfg = Release|Any CPU
		{59DF933D-B3AA-4B49-9352-A5A901EFACF2}.Release|ARM.Build.0 = Release|Any CPU
		{59DF933D-B3AA-4B49-9352-A5A901EFACF2}.Release|ARM64.ActiveCfg = Release|Any CPU
		{59DF933D-B3AA-4B49-9352-A5A901EFACF2}.Release|ARM64.Build.0 = Release|Any CPU
		{59DF933D-B3AA-4B49-9352-A5A901EFACF2}.Release|x64.ActiveCfg = Release|Any CPU
		{59DF933D-B3AA-4B49-9352-A5A901EFACF2}.Release|x64.Build.0 = Release|Any CPU
		{59DF933D-B3AA-4B49-9352-A5A901EFACF2}.Release|x86.ActiveCfg = Release|Any CPU
		{59DF933D-B3AA-4B49-9352-A5A901EFACF2}.Release|x86.Build.0 = Release|Any CPU
		{785CE757-3E24-43E8-A315-1CE66F2F6954}.Debug|Any CPU.ActiveCfg = Debug|Any CPU
		{785CE757-3E24-43E8-A315-1CE66F2F6954}.Debug|Any CPU.Build.0 = Debug|Any CPU
		{785CE757-3E24-43E8-A315-1CE66F2F6954}.Debug|ARM.ActiveCfg = Debug|Any CPU
		{785CE757-3E24-43E8-A315-1CE66F2F6954}.Debug|ARM.Build.0 = Debug|Any CPU
		{785CE757-3E24-43E8-A315-1CE66F2F6954}.Debug|ARM64.ActiveCfg = Debug|Any CPU
		{785CE757-3E24-43E8-A315-1CE66F2F6954}.Debug|ARM64.Build.0 = Debug|Any CPU
		{785CE757-3E24-43E8-A315-1CE66F2F6954}.Debug|x64.ActiveCfg = Debug|Any CPU
		{785CE757-3E24-43E8-A315-1CE66F2F6954}.Debug|x64.Build.0 = Debug|Any CPU
		{785CE757-3E24-43E8-A315-1CE66F2F6954}.Debug|x86.ActiveCfg = Debug|Any CPU
		{785CE757-3E24-43E8-A315-1CE66F2F6954}.Debug|x86.Build.0 = Debug|Any CPU
		{785CE757-3E24-43E8-A315-1CE66F2F6954}.Release|Any CPU.ActiveCfg = Release|Any CPU
		{785CE757-3E24-43E8-A315-1CE66F2F6954}.Release|Any CPU.Build.0 = Release|Any CPU
		{785CE757-3E24-43E8-A315-1CE66F2F6954}.Release|ARM.ActiveCfg = Release|Any CPU
		{785CE757-3E24-43E8-A315-1CE66F2F6954}.Release|ARM.Build.0 = Release|Any CPU
		{785CE757-3E24-43E8-A315-1CE66F2F6954}.Release|ARM64.ActiveCfg = Release|Any CPU
		{785CE757-3E24-43E8-A315-1CE66F2F6954}.Release|ARM64.Build.0 = Release|Any CPU
		{785CE757-3E24-43E8-A315-1CE66F2F6954}.Release|x64.ActiveCfg = Release|Any CPU
		{785CE757-3E24-43E8-A315-1CE66F2F6954}.Release|x64.Build.0 = Release|Any CPU
		{785CE757-3E24-43E8-A315-1CE66F2F6954}.Release|x86.ActiveCfg = Release|Any CPU
		{785CE757-3E24-43E8-A315-1CE66F2F6954}.Release|x86.Build.0 = Release|Any CPU
		{9BD11993-2B98-493A-B08A-B6EDC8CA7824}.Debug|Any CPU.ActiveCfg = Debug|Any CPU
		{9BD11993-2B98-493A-B08A-B6EDC8CA7824}.Debug|Any CPU.Build.0 = Debug|Any CPU
		{9BD11993-2B98-493A-B08A-B6EDC8CA7824}.Debug|ARM.ActiveCfg = Debug|Any CPU
		{9BD11993-2B98-493A-B08A-B6EDC8CA7824}.Debug|ARM.Build.0 = Debug|Any CPU
		{9BD11993-2B98-493A-B08A-B6EDC8CA7824}.Debug|ARM64.ActiveCfg = Debug|Any CPU
		{9BD11993-2B98-493A-B08A-B6EDC8CA7824}.Debug|ARM64.Build.0 = Debug|Any CPU
		{9BD11993-2B98-493A-B08A-B6EDC8CA7824}.Debug|x64.ActiveCfg = Debug|Any CPU
		{9BD11993-2B98-493A-B08A-B6EDC8CA7824}.Debug|x64.Build.0 = Debug|Any CPU
		{9BD11993-2B98-493A-B08A-B6EDC8CA7824}.Debug|x86.ActiveCfg = Debug|Any CPU
		{9BD11993-2B98-493A-B08A-B6EDC8CA7824}.Debug|x86.Build.0 = Debug|Any CPU
		{9BD11993-2B98-493A-B08A-B6EDC8CA7824}.Release|Any CPU.ActiveCfg = Release|Any CPU
		{9BD11993-2B98-493A-B08A-B6EDC8CA7824}.Release|Any CPU.Build.0 = Release|Any CPU
		{9BD11993-2B98-493A-B08A-B6EDC8CA7824}.Release|ARM.ActiveCfg = Release|Any CPU
		{9BD11993-2B98-493A-B08A-B6EDC8CA7824}.Release|ARM.Build.0 = Release|Any CPU
		{9BD11993-2B98-493A-B08A-B6EDC8CA7824}.Release|ARM64.ActiveCfg = Release|Any CPU
		{9BD11993-2B98-493A-B08A-B6EDC8CA7824}.Release|ARM64.Build.0 = Release|Any CPU
		{9BD11993-2B98-493A-B08A-B6EDC8CA7824}.Release|x64.ActiveCfg = Release|Any CPU
		{9BD11993-2B98-493A-B08A-B6EDC8CA7824}.Release|x64.Build.0 = Release|Any CPU
		{9BD11993-2B98-493A-B08A-B6EDC8CA7824}.Release|x86.ActiveCfg = Release|Any CPU
		{9BD11993-2B98-493A-B08A-B6EDC8CA7824}.Release|x86.Build.0 = Release|Any CPU
		{CD94EDB4-F7F8-48A0-BB1D-CD259842E4DB}.Debug|Any CPU.ActiveCfg = Debug|Any CPU
		{CD94EDB4-F7F8-48A0-BB1D-CD259842E4DB}.Debug|Any CPU.Build.0 = Debug|Any CPU
		{CD94EDB4-F7F8-48A0-BB1D-CD259842E4DB}.Debug|ARM.ActiveCfg = Debug|Any CPU
		{CD94EDB4-F7F8-48A0-BB1D-CD259842E4DB}.Debug|ARM.Build.0 = Debug|Any CPU
		{CD94EDB4-F7F8-48A0-BB1D-CD259842E4DB}.Debug|ARM64.ActiveCfg = Debug|Any CPU
		{CD94EDB4-F7F8-48A0-BB1D-CD259842E4DB}.Debug|ARM64.Build.0 = Debug|Any CPU
		{CD94EDB4-F7F8-48A0-BB1D-CD259842E4DB}.Debug|x64.ActiveCfg = Debug|Any CPU
		{CD94EDB4-F7F8-48A0-BB1D-CD259842E4DB}.Debug|x64.Build.0 = Debug|Any CPU
		{CD94EDB4-F7F8-48A0-BB1D-CD259842E4DB}.Debug|x86.ActiveCfg = Debug|Any CPU
		{CD94EDB4-F7F8-48A0-BB1D-CD259842E4DB}.Debug|x86.Build.0 = Debug|Any CPU
		{CD94EDB4-F7F8-48A0-BB1D-CD259842E4DB}.Release|Any CPU.ActiveCfg = Release|Any CPU
		{CD94EDB4-F7F8-48A0-BB1D-CD259842E4DB}.Release|Any CPU.Build.0 = Release|Any CPU
		{CD94EDB4-F7F8-48A0-BB1D-CD259842E4DB}.Release|ARM.ActiveCfg = Release|Any CPU
		{CD94EDB4-F7F8-48A0-BB1D-CD259842E4DB}.Release|ARM.Build.0 = Release|Any CPU
		{CD94EDB4-F7F8-48A0-BB1D-CD259842E4DB}.Release|ARM64.ActiveCfg = Release|Any CPU
		{CD94EDB4-F7F8-48A0-BB1D-CD259842E4DB}.Release|ARM64.Build.0 = Release|Any CPU
		{CD94EDB4-F7F8-48A0-BB1D-CD259842E4DB}.Release|x64.ActiveCfg = Release|Any CPU
		{CD94EDB4-F7F8-48A0-BB1D-CD259842E4DB}.Release|x64.Build.0 = Release|Any CPU
		{CD94EDB4-F7F8-48A0-BB1D-CD259842E4DB}.Release|x86.ActiveCfg = Release|Any CPU
		{CD94EDB4-F7F8-48A0-BB1D-CD259842E4DB}.Release|x86.Build.0 = Release|Any CPU
		{BAFE8981-EDA5-493F-A3FD-F2D864E40494}.Debug|Any CPU.ActiveCfg = Debug|Any CPU
		{BAFE8981-EDA5-493F-A3FD-F2D864E40494}.Debug|Any CPU.Build.0 = Debug|Any CPU
		{BAFE8981-EDA5-493F-A3FD-F2D864E40494}.Debug|ARM.ActiveCfg = Debug|Any CPU
		{BAFE8981-EDA5-493F-A3FD-F2D864E40494}.Debug|ARM.Build.0 = Debug|Any CPU
		{BAFE8981-EDA5-493F-A3FD-F2D864E40494}.Debug|ARM64.ActiveCfg = Debug|Any CPU
		{BAFE8981-EDA5-493F-A3FD-F2D864E40494}.Debug|ARM64.Build.0 = Debug|Any CPU
		{BAFE8981-EDA5-493F-A3FD-F2D864E40494}.Debug|x64.ActiveCfg = Debug|Any CPU
		{BAFE8981-EDA5-493F-A3FD-F2D864E40494}.Debug|x64.Build.0 = Debug|Any CPU
		{BAFE8981-EDA5-493F-A3FD-F2D864E40494}.Debug|x86.ActiveCfg = Debug|Any CPU
		{BAFE8981-EDA5-493F-A3FD-F2D864E40494}.Debug|x86.Build.0 = Debug|Any CPU
		{BAFE8981-EDA5-493F-A3FD-F2D864E40494}.Release|Any CPU.ActiveCfg = Release|Any CPU
		{BAFE8981-EDA5-493F-A3FD-F2D864E40494}.Release|Any CPU.Build.0 = Release|Any CPU
		{BAFE8981-EDA5-493F-A3FD-F2D864E40494}.Release|ARM.ActiveCfg = Release|Any CPU
		{BAFE8981-EDA5-493F-A3FD-F2D864E40494}.Release|ARM.Build.0 = Release|Any CPU
		{BAFE8981-EDA5-493F-A3FD-F2D864E40494}.Release|ARM64.ActiveCfg = Release|Any CPU
		{BAFE8981-EDA5-493F-A3FD-F2D864E40494}.Release|ARM64.Build.0 = Release|Any CPU
		{BAFE8981-EDA5-493F-A3FD-F2D864E40494}.Release|x64.ActiveCfg = Release|Any CPU
		{BAFE8981-EDA5-493F-A3FD-F2D864E40494}.Release|x64.Build.0 = Release|Any CPU
		{BAFE8981-EDA5-493F-A3FD-F2D864E40494}.Release|x86.ActiveCfg = Release|Any CPU
		{BAFE8981-EDA5-493F-A3FD-F2D864E40494}.Release|x86.Build.0 = Release|Any CPU
		{48E2A647-EADF-4C27-8E79-B564959482D3}.Debug|Any CPU.ActiveCfg = Debug|Any CPU
		{48E2A647-EADF-4C27-8E79-B564959482D3}.Debug|Any CPU.Build.0 = Debug|Any CPU
		{48E2A647-EADF-4C27-8E79-B564959482D3}.Debug|ARM.ActiveCfg = Debug|Any CPU
		{48E2A647-EADF-4C27-8E79-B564959482D3}.Debug|ARM.Build.0 = Debug|Any CPU
		{48E2A647-EADF-4C27-8E79-B564959482D3}.Debug|ARM64.ActiveCfg = Debug|Any CPU
		{48E2A647-EADF-4C27-8E79-B564959482D3}.Debug|ARM64.Build.0 = Debug|Any CPU
		{48E2A647-EADF-4C27-8E79-B564959482D3}.Debug|x64.ActiveCfg = Debug|Any CPU
		{48E2A647-EADF-4C27-8E79-B564959482D3}.Debug|x64.Build.0 = Debug|Any CPU
		{48E2A647-EADF-4C27-8E79-B564959482D3}.Debug|x86.ActiveCfg = Debug|Any CPU
		{48E2A647-EADF-4C27-8E79-B564959482D3}.Debug|x86.Build.0 = Debug|Any CPU
		{48E2A647-EADF-4C27-8E79-B564959482D3}.Release|Any CPU.ActiveCfg = Release|Any CPU
		{48E2A647-EADF-4C27-8E79-B564959482D3}.Release|Any CPU.Build.0 = Release|Any CPU
		{48E2A647-EADF-4C27-8E79-B564959482D3}.Release|ARM.ActiveCfg = Release|Any CPU
		{48E2A647-EADF-4C27-8E79-B564959482D3}.Release|ARM.Build.0 = Release|Any CPU
		{48E2A647-EADF-4C27-8E79-B564959482D3}.Release|ARM64.ActiveCfg = Release|Any CPU
		{48E2A647-EADF-4C27-8E79-B564959482D3}.Release|ARM64.Build.0 = Release|Any CPU
		{48E2A647-EADF-4C27-8E79-B564959482D3}.Release|x64.ActiveCfg = Release|Any CPU
		{48E2A647-EADF-4C27-8E79-B564959482D3}.Release|x64.Build.0 = Release|Any CPU
		{48E2A647-EADF-4C27-8E79-B564959482D3}.Release|x86.ActiveCfg = Release|Any CPU
		{48E2A647-EADF-4C27-8E79-B564959482D3}.Release|x86.Build.0 = Release|Any CPU
		{B2CF9BDD-AABC-4A4F-B7C6-74E606870A78}.Debug|Any CPU.ActiveCfg = Debug|Any CPU
		{B2CF9BDD-AABC-4A4F-B7C6-74E606870A78}.Debug|Any CPU.Build.0 = Debug|Any CPU
		{B2CF9BDD-AABC-4A4F-B7C6-74E606870A78}.Debug|ARM.ActiveCfg = Debug|Any CPU
		{B2CF9BDD-AABC-4A4F-B7C6-74E606870A78}.Debug|ARM.Build.0 = Debug|Any CPU
		{B2CF9BDD-AABC-4A4F-B7C6-74E606870A78}.Debug|ARM64.ActiveCfg = Debug|Any CPU
		{B2CF9BDD-AABC-4A4F-B7C6-74E606870A78}.Debug|ARM64.Build.0 = Debug|Any CPU
		{B2CF9BDD-AABC-4A4F-B7C6-74E606870A78}.Debug|x64.ActiveCfg = Debug|Any CPU
		{B2CF9BDD-AABC-4A4F-B7C6-74E606870A78}.Debug|x64.Build.0 = Debug|Any CPU
		{B2CF9BDD-AABC-4A4F-B7C6-74E606870A78}.Debug|x86.ActiveCfg = Debug|Any CPU
		{B2CF9BDD-AABC-4A4F-B7C6-74E606870A78}.Debug|x86.Build.0 = Debug|Any CPU
		{B2CF9BDD-AABC-4A4F-B7C6-74E606870A78}.Release|Any CPU.ActiveCfg = Release|Any CPU
		{B2CF9BDD-AABC-4A4F-B7C6-74E606870A78}.Release|Any CPU.Build.0 = Release|Any CPU
		{B2CF9BDD-AABC-4A4F-B7C6-74E606870A78}.Release|ARM.ActiveCfg = Release|Any CPU
		{B2CF9BDD-AABC-4A4F-B7C6-74E606870A78}.Release|ARM.Build.0 = Release|Any CPU
		{B2CF9BDD-AABC-4A4F-B7C6-74E606870A78}.Release|ARM64.ActiveCfg = Release|Any CPU
		{B2CF9BDD-AABC-4A4F-B7C6-74E606870A78}.Release|ARM64.Build.0 = Release|Any CPU
		{B2CF9BDD-AABC-4A4F-B7C6-74E606870A78}.Release|x64.ActiveCfg = Release|Any CPU
		{B2CF9BDD-AABC-4A4F-B7C6-74E606870A78}.Release|x64.Build.0 = Release|Any CPU
		{B2CF9BDD-AABC-4A4F-B7C6-74E606870A78}.Release|x86.ActiveCfg = Release|Any CPU
		{B2CF9BDD-AABC-4A4F-B7C6-74E606870A78}.Release|x86.Build.0 = Release|Any CPU
		{D3C6742A-8703-4B6F-B957-5DE6F553AB90}.Debug|Any CPU.ActiveCfg = Debug|Any CPU
		{D3C6742A-8703-4B6F-B957-5DE6F553AB90}.Debug|Any CPU.Build.0 = Debug|Any CPU
		{D3C6742A-8703-4B6F-B957-5DE6F553AB90}.Debug|ARM.ActiveCfg = Debug|Any CPU
		{D3C6742A-8703-4B6F-B957-5DE6F553AB90}.Debug|ARM.Build.0 = Debug|Any CPU
		{D3C6742A-8703-4B6F-B957-5DE6F553AB90}.Debug|ARM64.ActiveCfg = Debug|Any CPU
		{D3C6742A-8703-4B6F-B957-5DE6F553AB90}.Debug|ARM64.Build.0 = Debug|Any CPU
		{D3C6742A-8703-4B6F-B957-5DE6F553AB90}.Debug|x64.ActiveCfg = Debug|Any CPU
		{D3C6742A-8703-4B6F-B957-5DE6F553AB90}.Debug|x64.Build.0 = Debug|Any CPU
		{D3C6742A-8703-4B6F-B957-5DE6F553AB90}.Debug|x86.ActiveCfg = Debug|Any CPU
		{D3C6742A-8703-4B6F-B957-5DE6F553AB90}.Debug|x86.Build.0 = Debug|Any CPU
		{D3C6742A-8703-4B6F-B957-5DE6F553AB90}.Release|Any CPU.ActiveCfg = Release|Any CPU
		{D3C6742A-8703-4B6F-B957-5DE6F553AB90}.Release|Any CPU.Build.0 = Release|Any CPU
		{D3C6742A-8703-4B6F-B957-5DE6F553AB90}.Release|ARM.ActiveCfg = Release|Any CPU
		{D3C6742A-8703-4B6F-B957-5DE6F553AB90}.Release|ARM.Build.0 = Release|Any CPU
		{D3C6742A-8703-4B6F-B957-5DE6F553AB90}.Release|ARM64.ActiveCfg = Release|Any CPU
		{D3C6742A-8703-4B6F-B957-5DE6F553AB90}.Release|ARM64.Build.0 = Release|Any CPU
		{D3C6742A-8703-4B6F-B957-5DE6F553AB90}.Release|x64.ActiveCfg = Release|Any CPU
		{D3C6742A-8703-4B6F-B957-5DE6F553AB90}.Release|x64.Build.0 = Release|Any CPU
		{D3C6742A-8703-4B6F-B957-5DE6F553AB90}.Release|x86.ActiveCfg = Release|Any CPU
		{D3C6742A-8703-4B6F-B957-5DE6F553AB90}.Release|x86.Build.0 = Release|Any CPU
		{B81B1503-77F9-4E98-8DC1-A6438836CE22}.Debug|Any CPU.ActiveCfg = Debug|Any CPU
		{B81B1503-77F9-4E98-8DC1-A6438836CE22}.Debug|Any CPU.Build.0 = Debug|Any CPU
		{B81B1503-77F9-4E98-8DC1-A6438836CE22}.Debug|ARM.ActiveCfg = Debug|Any CPU
		{B81B1503-77F9-4E98-8DC1-A6438836CE22}.Debug|ARM.Build.0 = Debug|Any CPU
		{B81B1503-77F9-4E98-8DC1-A6438836CE22}.Debug|ARM64.ActiveCfg = Debug|Any CPU
		{B81B1503-77F9-4E98-8DC1-A6438836CE22}.Debug|ARM64.Build.0 = Debug|Any CPU
		{B81B1503-77F9-4E98-8DC1-A6438836CE22}.Debug|x64.ActiveCfg = Debug|Any CPU
		{B81B1503-77F9-4E98-8DC1-A6438836CE22}.Debug|x64.Build.0 = Debug|Any CPU
		{B81B1503-77F9-4E98-8DC1-A6438836CE22}.Debug|x86.ActiveCfg = Debug|Any CPU
		{B81B1503-77F9-4E98-8DC1-A6438836CE22}.Debug|x86.Build.0 = Debug|Any CPU
		{B81B1503-77F9-4E98-8DC1-A6438836CE22}.Release|Any CPU.ActiveCfg = Release|Any CPU
		{B81B1503-77F9-4E98-8DC1-A6438836CE22}.Release|Any CPU.Build.0 = Release|Any CPU
		{B81B1503-77F9-4E98-8DC1-A6438836CE22}.Release|ARM.ActiveCfg = Release|Any CPU
		{B81B1503-77F9-4E98-8DC1-A6438836CE22}.Release|ARM.Build.0 = Release|Any CPU
		{B81B1503-77F9-4E98-8DC1-A6438836CE22}.Release|ARM64.ActiveCfg = Release|Any CPU
		{B81B1503-77F9-4E98-8DC1-A6438836CE22}.Release|ARM64.Build.0 = Release|Any CPU
		{B81B1503-77F9-4E98-8DC1-A6438836CE22}.Release|x64.ActiveCfg = Release|Any CPU
		{B81B1503-77F9-4E98-8DC1-A6438836CE22}.Release|x64.Build.0 = Release|Any CPU
		{B81B1503-77F9-4E98-8DC1-A6438836CE22}.Release|x86.ActiveCfg = Release|Any CPU
		{B81B1503-77F9-4E98-8DC1-A6438836CE22}.Release|x86.Build.0 = Release|Any CPU
		{1DEEFD5E-67F8-4BD9-B721-43375A9286CA}.Debug|Any CPU.ActiveCfg = Debug|Any CPU
		{1DEEFD5E-67F8-4BD9-B721-43375A9286CA}.Debug|Any CPU.Build.0 = Debug|Any CPU
		{1DEEFD5E-67F8-4BD9-B721-43375A9286CA}.Debug|ARM.ActiveCfg = Debug|Any CPU
		{1DEEFD5E-67F8-4BD9-B721-43375A9286CA}.Debug|ARM.Build.0 = Debug|Any CPU
		{1DEEFD5E-67F8-4BD9-B721-43375A9286CA}.Debug|ARM64.ActiveCfg = Debug|Any CPU
		{1DEEFD5E-67F8-4BD9-B721-43375A9286CA}.Debug|ARM64.Build.0 = Debug|Any CPU
		{1DEEFD5E-67F8-4BD9-B721-43375A9286CA}.Debug|x64.ActiveCfg = Debug|Any CPU
		{1DEEFD5E-67F8-4BD9-B721-43375A9286CA}.Debug|x64.Build.0 = Debug|Any CPU
		{1DEEFD5E-67F8-4BD9-B721-43375A9286CA}.Debug|x86.ActiveCfg = Debug|Any CPU
		{1DEEFD5E-67F8-4BD9-B721-43375A9286CA}.Debug|x86.Build.0 = Debug|Any CPU
		{1DEEFD5E-67F8-4BD9-B721-43375A9286CA}.Release|Any CPU.ActiveCfg = Release|Any CPU
		{1DEEFD5E-67F8-4BD9-B721-43375A9286CA}.Release|Any CPU.Build.0 = Release|Any CPU
		{1DEEFD5E-67F8-4BD9-B721-43375A9286CA}.Release|ARM.ActiveCfg = Release|Any CPU
		{1DEEFD5E-67F8-4BD9-B721-43375A9286CA}.Release|ARM.Build.0 = Release|Any CPU
		{1DEEFD5E-67F8-4BD9-B721-43375A9286CA}.Release|ARM64.ActiveCfg = Release|Any CPU
		{1DEEFD5E-67F8-4BD9-B721-43375A9286CA}.Release|ARM64.Build.0 = Release|Any CPU
		{1DEEFD5E-67F8-4BD9-B721-43375A9286CA}.Release|x64.ActiveCfg = Release|Any CPU
		{1DEEFD5E-67F8-4BD9-B721-43375A9286CA}.Release|x64.Build.0 = Release|Any CPU
		{1DEEFD5E-67F8-4BD9-B721-43375A9286CA}.Release|x86.ActiveCfg = Release|Any CPU
		{1DEEFD5E-67F8-4BD9-B721-43375A9286CA}.Release|x86.Build.0 = Release|Any CPU
		{9BD6995C-A93D-4124-8F77-047912408C72}.Debug|Any CPU.ActiveCfg = Debug|Any CPU
		{9BD6995C-A93D-4124-8F77-047912408C72}.Debug|Any CPU.Build.0 = Debug|Any CPU
		{9BD6995C-A93D-4124-8F77-047912408C72}.Debug|ARM.ActiveCfg = Debug|Any CPU
		{9BD6995C-A93D-4124-8F77-047912408C72}.Debug|ARM.Build.0 = Debug|Any CPU
		{9BD6995C-A93D-4124-8F77-047912408C72}.Debug|ARM64.ActiveCfg = Debug|Any CPU
		{9BD6995C-A93D-4124-8F77-047912408C72}.Debug|ARM64.Build.0 = Debug|Any CPU
		{9BD6995C-A93D-4124-8F77-047912408C72}.Debug|x64.ActiveCfg = Debug|Any CPU
		{9BD6995C-A93D-4124-8F77-047912408C72}.Debug|x64.Build.0 = Debug|Any CPU
		{9BD6995C-A93D-4124-8F77-047912408C72}.Debug|x86.ActiveCfg = Debug|Any CPU
		{9BD6995C-A93D-4124-8F77-047912408C72}.Debug|x86.Build.0 = Debug|Any CPU
		{9BD6995C-A93D-4124-8F77-047912408C72}.Release|Any CPU.ActiveCfg = Release|Any CPU
		{9BD6995C-A93D-4124-8F77-047912408C72}.Release|Any CPU.Build.0 = Release|Any CPU
		{9BD6995C-A93D-4124-8F77-047912408C72}.Release|ARM.ActiveCfg = Release|Any CPU
		{9BD6995C-A93D-4124-8F77-047912408C72}.Release|ARM.Build.0 = Release|Any CPU
		{9BD6995C-A93D-4124-8F77-047912408C72}.Release|ARM64.ActiveCfg = Release|Any CPU
		{9BD6995C-A93D-4124-8F77-047912408C72}.Release|ARM64.Build.0 = Release|Any CPU
		{9BD6995C-A93D-4124-8F77-047912408C72}.Release|x64.ActiveCfg = Release|Any CPU
		{9BD6995C-A93D-4124-8F77-047912408C72}.Release|x64.Build.0 = Release|Any CPU
		{9BD6995C-A93D-4124-8F77-047912408C72}.Release|x86.ActiveCfg = Release|Any CPU
		{9BD6995C-A93D-4124-8F77-047912408C72}.Release|x86.Build.0 = Release|Any CPU
		{985B3D15-5462-45D2-A8ED-FC275C6E0BE4}.Debug|Any CPU.ActiveCfg = Debug|Any CPU
		{985B3D15-5462-45D2-A8ED-FC275C6E0BE4}.Debug|Any CPU.Build.0 = Debug|Any CPU
		{985B3D15-5462-45D2-A8ED-FC275C6E0BE4}.Debug|ARM.ActiveCfg = Debug|Any CPU
		{985B3D15-5462-45D2-A8ED-FC275C6E0BE4}.Debug|ARM.Build.0 = Debug|Any CPU
		{985B3D15-5462-45D2-A8ED-FC275C6E0BE4}.Debug|ARM64.ActiveCfg = Debug|Any CPU
		{985B3D15-5462-45D2-A8ED-FC275C6E0BE4}.Debug|ARM64.Build.0 = Debug|Any CPU
		{985B3D15-5462-45D2-A8ED-FC275C6E0BE4}.Debug|x64.ActiveCfg = Debug|Any CPU
		{985B3D15-5462-45D2-A8ED-FC275C6E0BE4}.Debug|x64.Build.0 = Debug|Any CPU
		{985B3D15-5462-45D2-A8ED-FC275C6E0BE4}.Debug|x86.ActiveCfg = Debug|Any CPU
		{985B3D15-5462-45D2-A8ED-FC275C6E0BE4}.Debug|x86.Build.0 = Debug|Any CPU
		{985B3D15-5462-45D2-A8ED-FC275C6E0BE4}.Release|Any CPU.ActiveCfg = Release|Any CPU
		{985B3D15-5462-45D2-A8ED-FC275C6E0BE4}.Release|Any CPU.Build.0 = Release|Any CPU
		{985B3D15-5462-45D2-A8ED-FC275C6E0BE4}.Release|ARM.ActiveCfg = Release|Any CPU
		{985B3D15-5462-45D2-A8ED-FC275C6E0BE4}.Release|ARM.Build.0 = Release|Any CPU
		{985B3D15-5462-45D2-A8ED-FC275C6E0BE4}.Release|ARM64.ActiveCfg = Release|Any CPU
		{985B3D15-5462-45D2-A8ED-FC275C6E0BE4}.Release|ARM64.Build.0 = Release|Any CPU
		{985B3D15-5462-45D2-A8ED-FC275C6E0BE4}.Release|x64.ActiveCfg = Release|Any CPU
		{985B3D15-5462-45D2-A8ED-FC275C6E0BE4}.Release|x64.Build.0 = Release|Any CPU
		{985B3D15-5462-45D2-A8ED-FC275C6E0BE4}.Release|x86.ActiveCfg = Release|Any CPU
		{985B3D15-5462-45D2-A8ED-FC275C6E0BE4}.Release|x86.Build.0 = Release|Any CPU
		{FD9724DF-D815-423D-A3A0-493CDAC804A5}.Debug|Any CPU.ActiveCfg = Debug|Any CPU
		{FD9724DF-D815-423D-A3A0-493CDAC804A5}.Debug|Any CPU.Build.0 = Debug|Any CPU
		{FD9724DF-D815-423D-A3A0-493CDAC804A5}.Debug|ARM.ActiveCfg = Debug|Any CPU
		{FD9724DF-D815-423D-A3A0-493CDAC804A5}.Debug|ARM.Build.0 = Debug|Any CPU
		{FD9724DF-D815-423D-A3A0-493CDAC804A5}.Debug|ARM64.ActiveCfg = Debug|Any CPU
		{FD9724DF-D815-423D-A3A0-493CDAC804A5}.Debug|ARM64.Build.0 = Debug|Any CPU
		{FD9724DF-D815-423D-A3A0-493CDAC804A5}.Debug|x64.ActiveCfg = Debug|Any CPU
		{FD9724DF-D815-423D-A3A0-493CDAC804A5}.Debug|x64.Build.0 = Debug|Any CPU
		{FD9724DF-D815-423D-A3A0-493CDAC804A5}.Debug|x86.ActiveCfg = Debug|Any CPU
		{FD9724DF-D815-423D-A3A0-493CDAC804A5}.Debug|x86.Build.0 = Debug|Any CPU
		{FD9724DF-D815-423D-A3A0-493CDAC804A5}.Release|Any CPU.ActiveCfg = Release|Any CPU
		{FD9724DF-D815-423D-A3A0-493CDAC804A5}.Release|Any CPU.Build.0 = Release|Any CPU
		{FD9724DF-D815-423D-A3A0-493CDAC804A5}.Release|ARM.ActiveCfg = Release|Any CPU
		{FD9724DF-D815-423D-A3A0-493CDAC804A5}.Release|ARM.Build.0 = Release|Any CPU
		{FD9724DF-D815-423D-A3A0-493CDAC804A5}.Release|ARM64.ActiveCfg = Release|Any CPU
		{FD9724DF-D815-423D-A3A0-493CDAC804A5}.Release|ARM64.Build.0 = Release|Any CPU
		{FD9724DF-D815-423D-A3A0-493CDAC804A5}.Release|x64.ActiveCfg = Release|Any CPU
		{FD9724DF-D815-423D-A3A0-493CDAC804A5}.Release|x64.Build.0 = Release|Any CPU
		{FD9724DF-D815-423D-A3A0-493CDAC804A5}.Release|x86.ActiveCfg = Release|Any CPU
		{FD9724DF-D815-423D-A3A0-493CDAC804A5}.Release|x86.Build.0 = Release|Any CPU
		{FBF42246-1EF0-4414-BB60-41A631249511}.Debug|Any CPU.ActiveCfg = Debug|Any CPU
		{FBF42246-1EF0-4414-BB60-41A631249511}.Debug|Any CPU.Build.0 = Debug|Any CPU
		{FBF42246-1EF0-4414-BB60-41A631249511}.Debug|ARM.ActiveCfg = Debug|Any CPU
		{FBF42246-1EF0-4414-BB60-41A631249511}.Debug|ARM.Build.0 = Debug|Any CPU
		{FBF42246-1EF0-4414-BB60-41A631249511}.Debug|ARM64.ActiveCfg = Debug|Any CPU
		{FBF42246-1EF0-4414-BB60-41A631249511}.Debug|ARM64.Build.0 = Debug|Any CPU
		{FBF42246-1EF0-4414-BB60-41A631249511}.Debug|x64.ActiveCfg = Debug|Any CPU
		{FBF42246-1EF0-4414-BB60-41A631249511}.Debug|x64.Build.0 = Debug|Any CPU
		{FBF42246-1EF0-4414-BB60-41A631249511}.Debug|x86.ActiveCfg = Debug|Any CPU
		{FBF42246-1EF0-4414-BB60-41A631249511}.Debug|x86.Build.0 = Debug|Any CPU
		{FBF42246-1EF0-4414-BB60-41A631249511}.Release|Any CPU.ActiveCfg = Release|Any CPU
		{FBF42246-1EF0-4414-BB60-41A631249511}.Release|Any CPU.Build.0 = Release|Any CPU
		{FBF42246-1EF0-4414-BB60-41A631249511}.Release|ARM.ActiveCfg = Release|Any CPU
		{FBF42246-1EF0-4414-BB60-41A631249511}.Release|ARM.Build.0 = Release|Any CPU
		{FBF42246-1EF0-4414-BB60-41A631249511}.Release|ARM64.ActiveCfg = Release|Any CPU
		{FBF42246-1EF0-4414-BB60-41A631249511}.Release|ARM64.Build.0 = Release|Any CPU
		{FBF42246-1EF0-4414-BB60-41A631249511}.Release|x64.ActiveCfg = Release|Any CPU
		{FBF42246-1EF0-4414-BB60-41A631249511}.Release|x64.Build.0 = Release|Any CPU
		{FBF42246-1EF0-4414-BB60-41A631249511}.Release|x86.ActiveCfg = Release|Any CPU
		{FBF42246-1EF0-4414-BB60-41A631249511}.Release|x86.Build.0 = Release|Any CPU
		{8FF888F4-5DCC-4927-83D7-0D24188B497F}.Debug|Any CPU.ActiveCfg = Debug|Any CPU
		{8FF888F4-5DCC-4927-83D7-0D24188B497F}.Debug|Any CPU.Build.0 = Debug|Any CPU
		{8FF888F4-5DCC-4927-83D7-0D24188B497F}.Debug|ARM.ActiveCfg = Debug|Any CPU
		{8FF888F4-5DCC-4927-83D7-0D24188B497F}.Debug|ARM.Build.0 = Debug|Any CPU
		{8FF888F4-5DCC-4927-83D7-0D24188B497F}.Debug|ARM64.ActiveCfg = Debug|Any CPU
		{8FF888F4-5DCC-4927-83D7-0D24188B497F}.Debug|ARM64.Build.0 = Debug|Any CPU
		{8FF888F4-5DCC-4927-83D7-0D24188B497F}.Debug|x64.ActiveCfg = Debug|Any CPU
		{8FF888F4-5DCC-4927-83D7-0D24188B497F}.Debug|x64.Build.0 = Debug|Any CPU
		{8FF888F4-5DCC-4927-83D7-0D24188B497F}.Debug|x86.ActiveCfg = Debug|Any CPU
		{8FF888F4-5DCC-4927-83D7-0D24188B497F}.Debug|x86.Build.0 = Debug|Any CPU
		{8FF888F4-5DCC-4927-83D7-0D24188B497F}.Release|Any CPU.ActiveCfg = Release|Any CPU
		{8FF888F4-5DCC-4927-83D7-0D24188B497F}.Release|Any CPU.Build.0 = Release|Any CPU
		{8FF888F4-5DCC-4927-83D7-0D24188B497F}.Release|ARM.ActiveCfg = Release|Any CPU
		{8FF888F4-5DCC-4927-83D7-0D24188B497F}.Release|ARM.Build.0 = Release|Any CPU
		{8FF888F4-5DCC-4927-83D7-0D24188B497F}.Release|ARM64.ActiveCfg = Release|Any CPU
		{8FF888F4-5DCC-4927-83D7-0D24188B497F}.Release|ARM64.Build.0 = Release|Any CPU
		{8FF888F4-5DCC-4927-83D7-0D24188B497F}.Release|x64.ActiveCfg = Release|Any CPU
		{8FF888F4-5DCC-4927-83D7-0D24188B497F}.Release|x64.Build.0 = Release|Any CPU
		{8FF888F4-5DCC-4927-83D7-0D24188B497F}.Release|x86.ActiveCfg = Release|Any CPU
		{8FF888F4-5DCC-4927-83D7-0D24188B497F}.Release|x86.Build.0 = Release|Any CPU
		{8EB7A454-E214-4642-A184-7C130A243797}.Debug|Any CPU.ActiveCfg = Debug|Any CPU
		{8EB7A454-E214-4642-A184-7C130A243797}.Debug|Any CPU.Build.0 = Debug|Any CPU
		{8EB7A454-E214-4642-A184-7C130A243797}.Debug|ARM.ActiveCfg = Debug|Any CPU
		{8EB7A454-E214-4642-A184-7C130A243797}.Debug|ARM.Build.0 = Debug|Any CPU
		{8EB7A454-E214-4642-A184-7C130A243797}.Debug|ARM64.ActiveCfg = Debug|Any CPU
		{8EB7A454-E214-4642-A184-7C130A243797}.Debug|ARM64.Build.0 = Debug|Any CPU
		{8EB7A454-E214-4642-A184-7C130A243797}.Debug|x64.ActiveCfg = Debug|Any CPU
		{8EB7A454-E214-4642-A184-7C130A243797}.Debug|x64.Build.0 = Debug|Any CPU
		{8EB7A454-E214-4642-A184-7C130A243797}.Debug|x86.ActiveCfg = Debug|Any CPU
		{8EB7A454-E214-4642-A184-7C130A243797}.Debug|x86.Build.0 = Debug|Any CPU
		{8EB7A454-E214-4642-A184-7C130A243797}.Release|Any CPU.ActiveCfg = Release|Any CPU
		{8EB7A454-E214-4642-A184-7C130A243797}.Release|Any CPU.Build.0 = Release|Any CPU
		{8EB7A454-E214-4642-A184-7C130A243797}.Release|ARM.ActiveCfg = Release|Any CPU
		{8EB7A454-E214-4642-A184-7C130A243797}.Release|ARM.Build.0 = Release|Any CPU
		{8EB7A454-E214-4642-A184-7C130A243797}.Release|ARM64.ActiveCfg = Release|Any CPU
		{8EB7A454-E214-4642-A184-7C130A243797}.Release|ARM64.Build.0 = Release|Any CPU
		{8EB7A454-E214-4642-A184-7C130A243797}.Release|x64.ActiveCfg = Release|Any CPU
		{8EB7A454-E214-4642-A184-7C130A243797}.Release|x64.Build.0 = Release|Any CPU
		{8EB7A454-E214-4642-A184-7C130A243797}.Release|x86.ActiveCfg = Release|Any CPU
		{8EB7A454-E214-4642-A184-7C130A243797}.Release|x86.Build.0 = Release|Any CPU
	EndGlobalSection
	GlobalSection(SolutionProperties) = preSolution
		HideSolutionNode = FALSE
	EndGlobalSection
	GlobalSection(NestedProjects) = preSolution
		{2CEDDB0A-C372-426A-A337-A14B2990B3E0} = {D0F666E9-97CD-4D31-A07A-4E22474CC0E1}
		{03C13BFB-4781-45DE-B162-EC9AB291B4A5} = {D0F666E9-97CD-4D31-A07A-4E22474CC0E1}
		{A1E3A60A-33D9-420F-AA48-9989C864CB53} = {542083CA-38E4-4B83-B824-330F91DF4780}
		{ED224F5A-F1DE-468E-9993-3F01E1EB9A91} = {FD028210-0C35-4967-9475-9FC1993740D5}
		{F35D8925-E048-4351-88C5-38EB3ED75E5E} = {A2BB032C-33B6-427C-8435-A6C99A3E0666}
		{707E1823-5A88-478B-9F48-26B88AA72F15} = {577E6E90-8097-4B75-B38F-88A3A6B18CBD}
		{781C0935-0E89-46E2-BA95-9B1E53180C90} = {A4EB3094-120B-4C2F-B3E2-EAB1B026899B}
		{92E33484-C031-4E9E-8F23-E7DF6F73F10A} = {A4EB3094-120B-4C2F-B3E2-EAB1B026899B}
		{F9E79599-865D-4032-A4F5-5D0C7A1A50FC} = {24B0887D-EA9B-4253-A38E-16B7885833C2}
		{74AE000F-7221-4156-8BAB-406550573FD3} = {24B0887D-EA9B-4253-A38E-16B7885833C2}
		{5989A3F2-7B36-47F1-A169-3C33ADBF3C95} = {0F292E2B-FC3A-4AA8-857D-56712453688E}
		{2563255C-DC16-4A6C-A475-291AE8C11FEA} = {0F292E2B-FC3A-4AA8-857D-56712453688E}
		{78C13131-87E5-41D8-8506-75B9B13EE708} = {5F7EC28A-B928-4F1E-AF12-3C0F28B4F35C}
		{BBDE377C-F3F4-438B-8001-B963C69A7018} = {11F0E422-A6F3-48F3-979C-EA0921041542}
		{29E89DCD-6D32-4B2F-B465-D1F5769C1957} = {11F0E422-A6F3-48F3-979C-EA0921041542}
		{8E79A483-19A4-4987-BA4B-AB29355AF16F} = {5F7EC28A-B928-4F1E-AF12-3C0F28B4F35C}
		{542083CA-38E4-4B83-B824-330F91DF4780} = {1E682361-36CD-4918-A679-4282F08E6505}
		{FD028210-0C35-4967-9475-9FC1993740D5} = {1E682361-36CD-4918-A679-4282F08E6505}
		{A4EB3094-120B-4C2F-B3E2-EAB1B026899B} = {38CFA9AB-1F9D-4C1B-A20D-A31AA41F8A86}
		{0F292E2B-FC3A-4AA8-857D-56712453688E} = {38CFA9AB-1F9D-4C1B-A20D-A31AA41F8A86}
		{11F0E422-A6F3-48F3-979C-EA0921041542} = {38CFA9AB-1F9D-4C1B-A20D-A31AA41F8A86}
		{24B0887D-EA9B-4253-A38E-16B7885833C2} = {14C767C7-5A75-4109-AC0D-8D98623DA38F}
		{D0F666E9-97CD-4D31-A07A-4E22474CC0E1} = {FB049637-969A-440C-9D66-963573BB8B5C}
		{A2BB032C-33B6-427C-8435-A6C99A3E0666} = {E9F05D8E-F11D-4A9A-8FF8-3D5933A44FD4}
		{577E6E90-8097-4B75-B38F-88A3A6B18CBD} = {5A53BE93-FCFA-4727-BE2F-135E9A9AAC51}
		{59DF933D-B3AA-4B49-9352-A5A901EFACF2} = {D0F666E9-97CD-4D31-A07A-4E22474CC0E1}
		{785CE757-3E24-43E8-A315-1CE66F2F6954} = {D0F666E9-97CD-4D31-A07A-4E22474CC0E1}
		{9BD11993-2B98-493A-B08A-B6EDC8CA7824} = {D0F666E9-97CD-4D31-A07A-4E22474CC0E1}
		{CD94EDB4-F7F8-48A0-BB1D-CD259842E4DB} = {A2BB032C-33B6-427C-8435-A6C99A3E0666}
		{BAFE8981-EDA5-493F-A3FD-F2D864E40494} = {A2BB032C-33B6-427C-8435-A6C99A3E0666}
		{48E2A647-EADF-4C27-8E79-B564959482D3} = {A2BB032C-33B6-427C-8435-A6C99A3E0666}
		{B2CF9BDD-AABC-4A4F-B7C6-74E606870A78} = {D0F666E9-97CD-4D31-A07A-4E22474CC0E1}
		{D3C6742A-8703-4B6F-B957-5DE6F553AB90} = {A2BB032C-33B6-427C-8435-A6C99A3E0666}
		{B81B1503-77F9-4E98-8DC1-A6438836CE22} = {D0F666E9-97CD-4D31-A07A-4E22474CC0E1}
		{1DEEFD5E-67F8-4BD9-B721-43375A9286CA} = {8D662310-62CB-40FA-92CC-A523812CFB65}
		{9BD6995C-A93D-4124-8F77-047912408C72} = {D0F666E9-97CD-4D31-A07A-4E22474CC0E1}
		{985B3D15-5462-45D2-A8ED-FC275C6E0BE4} = {A2BB032C-33B6-427C-8435-A6C99A3E0666}
		{9CC962DD-BB2B-42DC-AEAF-DC61E952D0FF} = {38CFA9AB-1F9D-4C1B-A20D-A31AA41F8A86}
		{FD9724DF-D815-423D-A3A0-493CDAC804A5} = {9CC962DD-BB2B-42DC-AEAF-DC61E952D0FF}
		{FBF42246-1EF0-4414-BB60-41A631249511} = {9CC962DD-BB2B-42DC-AEAF-DC61E952D0FF}
		{AB81B84E-0723-4916-B0D1-7B967CD63D17} = {FB049637-969A-440C-9D66-963573BB8B5C}
		{8FF888F4-5DCC-4927-83D7-0D24188B497F} = {AB81B84E-0723-4916-B0D1-7B967CD63D17}
		{8EB7A454-E214-4642-A184-7C130A243797} = {AB81B84E-0723-4916-B0D1-7B967CD63D17}
		{5F7EC28A-B928-4F1E-AF12-3C0F28B4F35C} = {8D662310-62CB-40FA-92CC-A523812CFB65}
	EndGlobalSection
	GlobalSection(ExtensibilityGlobals) = postSolution
		SolutionGuid = {BC160660-C592-4F25-89B7-68AE48A11F87}
	EndGlobalSection
EndGlobal
